// !$*UTF8*$!
{
	archiveVersion = 1;
	classes = {
	};
	objectVersion = 56;
	objects = {

/* Begin PBXBuildFile section */
		F4AC25402B0E91F400DDDFD1 /* AppDelegate.swift in Sources */ = {isa = PBXBuildFile; fileRef = F4AC253F2B0E91F400DDDFD1 /* AppDelegate.swift */; };
		F4AC25422B0E91F400DDDFD1 /* SceneDelegate.swift in Sources */ = {isa = PBXBuildFile; fileRef = F4AC25412B0E91F400DDDFD1 /* SceneDelegate.swift */; };
		F4AC25442B0E91F400DDDFD1 /* ViewController.swift in Sources */ = {isa = PBXBuildFile; fileRef = F4AC25432B0E91F400DDDFD1 /* ViewController.swift */; };
		F4AC25472B0E91F400DDDFD1 /* Main.storyboard in Resources */ = {isa = PBXBuildFile; fileRef = F4AC25452B0E91F400DDDFD1 /* Main.storyboard */; };
		F4AC25492B0E91F500DDDFD1 /* Assets.xcassets in Resources */ = {isa = PBXBuildFile; fileRef = F4AC25482B0E91F500DDDFD1 /* Assets.xcassets */; };
		F4AC254C2B0E91F500DDDFD1 /* LaunchScreen.storyboard in Resources */ = {isa = PBXBuildFile; fileRef = F4AC254A2B0E91F500DDDFD1 /* LaunchScreen.storyboard */; };
		F4AC25572B0E91F500DDDFD1 /* ServerTests.swift in Sources */ = {isa = PBXBuildFile; fileRef = F4AC25562B0E91F500DDDFD1 /* ServerTests.swift */; };
		F4AC25612B0E91F500DDDFD1 /* ServerUITests.swift in Sources */ = {isa = PBXBuildFile; fileRef = F4AC25602B0E91F500DDDFD1 /* ServerUITests.swift */; };
		F4AC25632B0E91F500DDDFD1 /* ServerUITestsLaunchTests.swift in Sources */ = {isa = PBXBuildFile; fileRef = F4AC25622B0E91F500DDDFD1 /* ServerUITestsLaunchTests.swift */; };
		F4AC25752B0E939100DDDFD1 /* TCPServer.swift in Sources */ = {isa = PBXBuildFile; fileRef = F4AC25742B0E939100DDDFD1 /* TCPServer.swift */; };
		F4AC25782B0E94E600DDDFD1 /* H264Unit.swift in Sources */ = {isa = PBXBuildFile; fileRef = F4AC25772B0E94E600DDDFD1 /* H264Unit.swift */; };
		F4AC257B2B0E95D900DDDFD1 /* NALUParser.swift in Sources */ = {isa = PBXBuildFile; fileRef = F4AC257A2B0E95D900DDDFD1 /* NALUParser.swift */; };
		F4AC257D2B0E971F00DDDFD1 /* H264Converter.swift in Sources */ = {isa = PBXBuildFile; fileRef = F4AC257C2B0E971F00DDDFD1 /* H264Converter.swift */; };
		F4AC257F2B0E982C00DDDFD1 /* VideoServer.swift in Sources */ = {isa = PBXBuildFile; fileRef = F4AC257E2B0E982C00DDDFD1 /* VideoServer.swift */; };
/* End PBXBuildFile section */

/* Begin PBXContainerItemProxy section */
		F4AC25532B0E91F500DDDFD1 /* PBXContainerItemProxy */ = {
			isa = PBXContainerItemProxy;
			containerPortal = F4AC25342B0E91F400DDDFD1 /* Project object */;
			proxyType = 1;
			remoteGlobalIDString = F4AC253B2B0E91F400DDDFD1;
			remoteInfo = Server;
		};
		F4AC255D2B0E91F500DDDFD1 /* PBXContainerItemProxy */ = {
			isa = PBXContainerItemProxy;
			containerPortal = F4AC25342B0E91F400DDDFD1 /* Project object */;
			proxyType = 1;
			remoteGlobalIDString = F4AC253B2B0E91F400DDDFD1;
			remoteInfo = Server;
		};
/* End PBXContainerItemProxy section */

/* Begin PBXFileReference section */
		F4AC253C2B0E91F400DDDFD1 /* Server.app */ = {isa = PBXFileReference; explicitFileType = wrapper.application; includeInIndex = 0; path = Server.app; sourceTree = BUILT_PRODUCTS_DIR; };
		F4AC253F2B0E91F400DDDFD1 /* AppDelegate.swift */ = {isa = PBXFileReference; lastKnownFileType = sourcecode.swift; path = AppDelegate.swift; sourceTree = "<group>"; };
		F4AC25412B0E91F400DDDFD1 /* SceneDelegate.swift */ = {isa = PBXFileReference; lastKnownFileType = sourcecode.swift; path = SceneDelegate.swift; sourceTree = "<group>"; };
		F4AC25432B0E91F400DDDFD1 /* ViewController.swift */ = {isa = PBXFileReference; lastKnownFileType = sourcecode.swift; path = ViewController.swift; sourceTree = "<group>"; };
		F4AC25462B0E91F400DDDFD1 /* Base */ = {isa = PBXFileReference; lastKnownFileType = file.storyboard; name = Base; path = Base.lproj/Main.storyboard; sourceTree = "<group>"; };
		F4AC25482B0E91F500DDDFD1 /* Assets.xcassets */ = {isa = PBXFileReference; lastKnownFileType = folder.assetcatalog; path = Assets.xcassets; sourceTree = "<group>"; };
		F4AC254B2B0E91F500DDDFD1 /* Base */ = {isa = PBXFileReference; lastKnownFileType = file.storyboard; name = Base; path = Base.lproj/LaunchScreen.storyboard; sourceTree = "<group>"; };
		F4AC254D2B0E91F500DDDFD1 /* Info.plist */ = {isa = PBXFileReference; lastKnownFileType = text.plist.xml; path = Info.plist; sourceTree = "<group>"; };
		F4AC25522B0E91F500DDDFD1 /* ServerTests.xctest */ = {isa = PBXFileReference; explicitFileType = wrapper.cfbundle; includeInIndex = 0; path = ServerTests.xctest; sourceTree = BUILT_PRODUCTS_DIR; };
		F4AC25562B0E91F500DDDFD1 /* ServerTests.swift */ = {isa = PBXFileReference; lastKnownFileType = sourcecode.swift; path = ServerTests.swift; sourceTree = "<group>"; };
		F4AC255C2B0E91F500DDDFD1 /* ServerUITests.xctest */ = {isa = PBXFileReference; explicitFileType = wrapper.cfbundle; includeInIndex = 0; path = ServerUITests.xctest; sourceTree = BUILT_PRODUCTS_DIR; };
		F4AC25602B0E91F500DDDFD1 /* ServerUITests.swift */ = {isa = PBXFileReference; lastKnownFileType = sourcecode.swift; path = ServerUITests.swift; sourceTree = "<group>"; };
		F4AC25622B0E91F500DDDFD1 /* ServerUITestsLaunchTests.swift */ = {isa = PBXFileReference; lastKnownFileType = sourcecode.swift; path = ServerUITestsLaunchTests.swift; sourceTree = "<group>"; };
		F4AC25742B0E939100DDDFD1 /* TCPServer.swift */ = {isa = PBXFileReference; lastKnownFileType = sourcecode.swift; path = TCPServer.swift; sourceTree = "<group>"; };
		F4AC25772B0E94E600DDDFD1 /* H264Unit.swift */ = {isa = PBXFileReference; lastKnownFileType = sourcecode.swift; path = H264Unit.swift; sourceTree = "<group>"; };
		F4AC257A2B0E95D900DDDFD1 /* NALUParser.swift */ = {isa = PBXFileReference; lastKnownFileType = sourcecode.swift; path = NALUParser.swift; sourceTree = "<group>"; };
		F4AC257C2B0E971F00DDDFD1 /* H264Converter.swift */ = {isa = PBXFileReference; lastKnownFileType = sourcecode.swift; path = H264Converter.swift; sourceTree = "<group>"; };
		F4AC257E2B0E982C00DDDFD1 /* VideoServer.swift */ = {isa = PBXFileReference; lastKnownFileType = sourcecode.swift; path = VideoServer.swift; sourceTree = "<group>"; };
/* End PBXFileReference section */

/* Begin PBXFrameworksBuildPhase section */
		F4AC25392B0E91F400DDDFD1 /* Frameworks */ = {
			isa = PBXFrameworksBuildPhase;
			buildActionMask = 2147483647;
			files = (
			);
			runOnlyForDeploymentPostprocessing = 0;
		};
		F4AC254F2B0E91F500DDDFD1 /* Frameworks */ = {
			isa = PBXFrameworksBuildPhase;
			buildActionMask = 2147483647;
			files = (
			);
			runOnlyForDeploymentPostprocessing = 0;
		};
		F4AC25592B0E91F500DDDFD1 /* Frameworks */ = {
			isa = PBXFrameworksBuildPhase;
			buildActionMask = 2147483647;
			files = (
			);
			runOnlyForDeploymentPostprocessing = 0;
		};
/* End PBXFrameworksBuildPhase section */

/* Begin PBXGroup section */
		F4AC25332B0E91F400DDDFD1 = {
			isa = PBXGroup;
			children = (
				F4AC257E2B0E982C00DDDFD1 /* VideoServer.swift */,
				F4AC25792B0E95B900DDDFD1 /* Utility */,
				F4AC25762B0E94CF00DDDFD1 /* Data Model */,
				F4AC25732B0E938400DDDFD1 /* Network */,
				F4AC253E2B0E91F400DDDFD1 /* Server */,
				F4AC25552B0E91F500DDDFD1 /* ServerTests */,
				F4AC255F2B0E91F500DDDFD1 /* ServerUITests */,
				F4AC253D2B0E91F400DDDFD1 /* Products */,
			);
			sourceTree = "<group>";
		};
		F4AC253D2B0E91F400DDDFD1 /* Products */ = {
			isa = PBXGroup;
			children = (
				F4AC253C2B0E91F400DDDFD1 /* Server.app */,
				F4AC25522B0E91F500DDDFD1 /* ServerTests.xctest */,
				F4AC255C2B0E91F500DDDFD1 /* ServerUITests.xctest */,
			);
			name = Products;
			sourceTree = "<group>";
		};
		F4AC253E2B0E91F400DDDFD1 /* Server */ = {
			isa = PBXGroup;
			children = (
				F4AC253F2B0E91F400DDDFD1 /* AppDelegate.swift */,
				F4AC25412B0E91F400DDDFD1 /* SceneDelegate.swift */,
				F4AC25432B0E91F400DDDFD1 /* ViewController.swift */,
				F4AC25452B0E91F400DDDFD1 /* Main.storyboard */,
				F4AC25482B0E91F500DDDFD1 /* Assets.xcassets */,
				F4AC254A2B0E91F500DDDFD1 /* LaunchScreen.storyboard */,
				F4AC254D2B0E91F500DDDFD1 /* Info.plist */,
			);
			path = Server;
			sourceTree = "<group>";
		};
		F4AC25552B0E91F500DDDFD1 /* ServerTests */ = {
			isa = PBXGroup;
			children = (
				F4AC25562B0E91F500DDDFD1 /* ServerTests.swift */,
			);
			path = ServerTests;
			sourceTree = "<group>";
		};
		F4AC255F2B0E91F500DDDFD1 /* ServerUITests */ = {
			isa = PBXGroup;
			children = (
				F4AC25602B0E91F500DDDFD1 /* ServerUITests.swift */,
				F4AC25622B0E91F500DDDFD1 /* ServerUITestsLaunchTests.swift */,
			);
			path = ServerUITests;
			sourceTree = "<group>";
		};
		F4AC25732B0E938400DDDFD1 /* Network */ = {
			isa = PBXGroup;
			children = (
				F4AC25742B0E939100DDDFD1 /* TCPServer.swift */,
			);
			path = Network;
			sourceTree = "<group>";
		};
		F4AC25762B0E94CF00DDDFD1 /* Data Model */ = {
			isa = PBXGroup;
			children = (
				F4AC25772B0E94E600DDDFD1 /* H264Unit.swift */,
			);
			path = "Data Model";
			sourceTree = "<group>";
		};
		F4AC25792B0E95B900DDDFD1 /* Utility */ = {
			isa = PBXGroup;
			children = (
				F4AC257A2B0E95D900DDDFD1 /* NALUParser.swift */,
				F4AC257C2B0E971F00DDDFD1 /* H264Converter.swift */,
			);
			path = Utility;
			sourceTree = "<group>";
		};
/* End PBXGroup section */

/* Begin PBXNativeTarget section */
		F4AC253B2B0E91F400DDDFD1 /* Server */ = {
			isa = PBXNativeTarget;
			buildConfigurationList = F4AC25662B0E91F500DDDFD1 /* Build configuration list for PBXNativeTarget "Server" */;
			buildPhases = (
				F4AC25382B0E91F400DDDFD1 /* Sources */,
				F4AC25392B0E91F400DDDFD1 /* Frameworks */,
				F4AC253A2B0E91F400DDDFD1 /* Resources */,
			);
			buildRules = (
			);
			dependencies = (
			);
			name = Server;
			productName = Server;
			productReference = F4AC253C2B0E91F400DDDFD1 /* Server.app */;
			productType = "com.apple.product-type.application";
		};
		F4AC25512B0E91F500DDDFD1 /* ServerTests */ = {
			isa = PBXNativeTarget;
			buildConfigurationList = F4AC25692B0E91F500DDDFD1 /* Build configuration list for PBXNativeTarget "ServerTests" */;
			buildPhases = (
				F4AC254E2B0E91F500DDDFD1 /* Sources */,
				F4AC254F2B0E91F500DDDFD1 /* Frameworks */,
				F4AC25502B0E91F500DDDFD1 /* Resources */,
			);
			buildRules = (
			);
			dependencies = (
				F4AC25542B0E91F500DDDFD1 /* PBXTargetDependency */,
			);
			name = ServerTests;
			productName = ServerTests;
			productReference = F4AC25522B0E91F500DDDFD1 /* ServerTests.xctest */;
			productType = "com.apple.product-type.bundle.unit-test";
		};
		F4AC255B2B0E91F500DDDFD1 /* ServerUITests */ = {
			isa = PBXNativeTarget;
			buildConfigurationList = F4AC256C2B0E91F500DDDFD1 /* Build configuration list for PBXNativeTarget "ServerUITests" */;
			buildPhases = (
				F4AC25582B0E91F500DDDFD1 /* Sources */,
				F4AC25592B0E91F500DDDFD1 /* Frameworks */,
				F4AC255A2B0E91F500DDDFD1 /* Resources */,
			);
			buildRules = (
			);
			dependencies = (
				F4AC255E2B0E91F500DDDFD1 /* PBXTargetDependency */,
			);
			name = ServerUITests;
			productName = ServerUITests;
			productReference = F4AC255C2B0E91F500DDDFD1 /* ServerUITests.xctest */;
			productType = "com.apple.product-type.bundle.ui-testing";
		};
/* End PBXNativeTarget section */

/* Begin PBXProject section */
		F4AC25342B0E91F400DDDFD1 /* Project object */ = {
			isa = PBXProject;
			attributes = {
				BuildIndependentTargetsInParallel = 1;
				LastSwiftUpdateCheck = 1500;
				LastUpgradeCheck = 1500;
				TargetAttributes = {
					F4AC253B2B0E91F400DDDFD1 = {
						CreatedOnToolsVersion = 15.0.1;
					};
					F4AC25512B0E91F500DDDFD1 = {
						CreatedOnToolsVersion = 15.0.1;
						TestTargetID = F4AC253B2B0E91F400DDDFD1;
					};
					F4AC255B2B0E91F500DDDFD1 = {
						CreatedOnToolsVersion = 15.0.1;
						TestTargetID = F4AC253B2B0E91F400DDDFD1;
					};
				};
			};
			buildConfigurationList = F4AC25372B0E91F400DDDFD1 /* Build configuration list for PBXProject "Server" */;
			compatibilityVersion = "Xcode 14.0";
			developmentRegion = en;
			hasScannedForEncodings = 0;
			knownRegions = (
				en,
				Base,
			);
			mainGroup = F4AC25332B0E91F400DDDFD1;
			productRefGroup = F4AC253D2B0E91F400DDDFD1 /* Products */;
			projectDirPath = "";
			projectRoot = "";
			targets = (
				F4AC253B2B0E91F400DDDFD1 /* Server */,
				F4AC25512B0E91F500DDDFD1 /* ServerTests */,
				F4AC255B2B0E91F500DDDFD1 /* ServerUITests */,
			);
		};
/* End PBXProject section */

/* Begin PBXResourcesBuildPhase section */
		F4AC253A2B0E91F400DDDFD1 /* Resources */ = {
			isa = PBXResourcesBuildPhase;
			buildActionMask = 2147483647;
			files = (
				F4AC254C2B0E91F500DDDFD1 /* LaunchScreen.storyboard in Resources */,
				F4AC25492B0E91F500DDDFD1 /* Assets.xcassets in Resources */,
				F4AC25472B0E91F400DDDFD1 /* Main.storyboard in Resources */,
			);
			runOnlyForDeploymentPostprocessing = 0;
		};
		F4AC25502B0E91F500DDDFD1 /* Resources */ = {
			isa = PBXResourcesBuildPhase;
			buildActionMask = 2147483647;
			files = (
			);
			runOnlyForDeploymentPostprocessing = 0;
		};
		F4AC255A2B0E91F500DDDFD1 /* Resources */ = {
			isa = PBXResourcesBuildPhase;
			buildActionMask = 2147483647;
			files = (
			);
			runOnlyForDeploymentPostprocessing = 0;
		};
/* End PBXResourcesBuildPhase section */

/* Begin PBXSourcesBuildPhase section */
		F4AC25382B0E91F400DDDFD1 /* Sources */ = {
			isa = PBXSourcesBuildPhase;
			buildActionMask = 2147483647;
			files = (
				F4AC25752B0E939100DDDFD1 /* TCPServer.swift in Sources */,
				F4AC25442B0E91F400DDDFD1 /* ViewController.swift in Sources */,
				F4AC257F2B0E982C00DDDFD1 /* VideoServer.swift in Sources */,
				F4AC25782B0E94E600DDDFD1 /* H264Unit.swift in Sources */,
				F4AC25402B0E91F400DDDFD1 /* AppDelegate.swift in Sources */,
				F4AC257B2B0E95D900DDDFD1 /* NALUParser.swift in Sources */,
				F4AC25422B0E91F400DDDFD1 /* SceneDelegate.swift in Sources */,
				F4AC257D2B0E971F00DDDFD1 /* H264Converter.swift in Sources */,
			);
			runOnlyForDeploymentPostprocessing = 0;
		};
		F4AC254E2B0E91F500DDDFD1 /* Sources */ = {
			isa = PBXSourcesBuildPhase;
			buildActionMask = 2147483647;
			files = (
				F4AC25572B0E91F500DDDFD1 /* ServerTests.swift in Sources */,
			);
			runOnlyForDeploymentPostprocessing = 0;
		};
		F4AC25582B0E91F500DDDFD1 /* Sources */ = {
			isa = PBXSourcesBuildPhase;
			buildActionMask = 2147483647;
			files = (
				F4AC25612B0E91F500DDDFD1 /* ServerUITests.swift in Sources */,
				F4AC25632B0E91F500DDDFD1 /* ServerUITestsLaunchTests.swift in Sources */,
			);
			runOnlyForDeploymentPostprocessing = 0;
		};
/* End PBXSourcesBuildPhase section */

/* Begin PBXTargetDependency section */
		F4AC25542B0E91F500DDDFD1 /* PBXTargetDependency */ = {
			isa = PBXTargetDependency;
			target = F4AC253B2B0E91F400DDDFD1 /* Server */;
			targetProxy = F4AC25532B0E91F500DDDFD1 /* PBXContainerItemProxy */;
		};
		F4AC255E2B0E91F500DDDFD1 /* PBXTargetDependency */ = {
			isa = PBXTargetDependency;
			target = F4AC253B2B0E91F400DDDFD1 /* Server */;
			targetProxy = F4AC255D2B0E91F500DDDFD1 /* PBXContainerItemProxy */;
		};
/* End PBXTargetDependency section */

/* Begin PBXVariantGroup section */
		F4AC25452B0E91F400DDDFD1 /* Main.storyboard */ = {
			isa = PBXVariantGroup;
			children = (
				F4AC25462B0E91F400DDDFD1 /* Base */,
			);
			name = Main.storyboard;
			sourceTree = "<group>";
		};
		F4AC254A2B0E91F500DDDFD1 /* LaunchScreen.storyboard */ = {
			isa = PBXVariantGroup;
			children = (
				F4AC254B2B0E91F500DDDFD1 /* Base */,
			);
			name = LaunchScreen.storyboard;
			sourceTree = "<group>";
		};
/* End PBXVariantGroup section */

/* Begin XCBuildConfiguration section */
		F4AC25642B0E91F500DDDFD1 /* Debug */ = {
			isa = XCBuildConfiguration;
			buildSettings = {
				ALWAYS_SEARCH_USER_PATHS = NO;
				ASSETCATALOG_COMPILER_GENERATE_SWIFT_ASSET_SYMBOL_EXTENSIONS = YES;
				CLANG_ANALYZER_NONNULL = YES;
				CLANG_ANALYZER_NUMBER_OBJECT_CONVERSION = YES_AGGRESSIVE;
				CLANG_CXX_LANGUAGE_STANDARD = "gnu++20";
				CLANG_ENABLE_MODULES = YES;
				CLANG_ENABLE_OBJC_ARC = YES;
				CLANG_ENABLE_OBJC_WEAK = YES;
				CLANG_WARN_BLOCK_CAPTURE_AUTORELEASING = YES;
				CLANG_WARN_BOOL_CONVERSION = YES;
				CLANG_WARN_COMMA = YES;
				CLANG_WARN_CONSTANT_CONVERSION = YES;
				CLANG_WARN_DEPRECATED_OBJC_IMPLEMENTATIONS = YES;
				CLANG_WARN_DIRECT_OBJC_ISA_USAGE = YES_ERROR;
				CLANG_WARN_DOCUMENTATION_COMMENTS = YES;
				CLANG_WARN_EMPTY_BODY = YES;
				CLANG_WARN_ENUM_CONVERSION = YES;
				CLANG_WARN_INFINITE_RECURSION = YES;
				CLANG_WARN_INT_CONVERSION = YES;
				CLANG_WARN_NON_LITERAL_NULL_CONVERSION = YES;
				CLANG_WARN_OBJC_IMPLICIT_RETAIN_SELF = YES;
				CLANG_WARN_OBJC_LITERAL_CONVERSION = YES;
				CLANG_WARN_OBJC_ROOT_CLASS = YES_ERROR;
				CLANG_WARN_QUOTED_INCLUDE_IN_FRAMEWORK_HEADER = YES;
				CLANG_WARN_RANGE_LOOP_ANALYSIS = YES;
				CLANG_WARN_STRICT_PROTOTYPES = YES;
				CLANG_WARN_SUSPICIOUS_MOVE = YES;
				CLANG_WARN_UNGUARDED_AVAILABILITY = YES_AGGRESSIVE;
				CLANG_WARN_UNREACHABLE_CODE = YES;
				CLANG_WARN__DUPLICATE_METHOD_MATCH = YES;
				COPY_PHASE_STRIP = NO;
				DEBUG_INFORMATION_FORMAT = dwarf;
				ENABLE_STRICT_OBJC_MSGSEND = YES;
				ENABLE_TESTABILITY = YES;
				ENABLE_USER_SCRIPT_SANDBOXING = YES;
				GCC_C_LANGUAGE_STANDARD = gnu17;
				GCC_DYNAMIC_NO_PIC = NO;
				GCC_NO_COMMON_BLOCKS = YES;
				GCC_OPTIMIZATION_LEVEL = 0;
				GCC_PREPROCESSOR_DEFINITIONS = (
					"DEBUG=1",
					"$(inherited)",
				);
				GCC_WARN_64_TO_32_BIT_CONVERSION = YES;
				GCC_WARN_ABOUT_RETURN_TYPE = YES_ERROR;
				GCC_WARN_UNDECLARED_SELECTOR = YES;
				GCC_WARN_UNINITIALIZED_AUTOS = YES_AGGRESSIVE;
				GCC_WARN_UNUSED_FUNCTION = YES;
				GCC_WARN_UNUSED_VARIABLE = YES;
				IPHONEOS_DEPLOYMENT_TARGET = 17.0;
				LOCALIZATION_PREFERS_STRING_CATALOGS = YES;
				MTL_ENABLE_DEBUG_INFO = INCLUDE_SOURCE;
				MTL_FAST_MATH = YES;
				ONLY_ACTIVE_ARCH = YES;
				SDKROOT = iphoneos;
				SWIFT_ACTIVE_COMPILATION_CONDITIONS = "DEBUG $(inherited)";
				SWIFT_OPTIMIZATION_LEVEL = "-Onone";
			};
			name = Debug;
		};
		F4AC25652B0E91F500DDDFD1 /* Release */ = {
			isa = XCBuildConfiguration;
			buildSettings = {
				ALWAYS_SEARCH_USER_PATHS = NO;
				ASSETCATALOG_COMPILER_GENERATE_SWIFT_ASSET_SYMBOL_EXTENSIONS = YES;
				CLANG_ANALYZER_NONNULL = YES;
				CLANG_ANALYZER_NUMBER_OBJECT_CONVERSION = YES_AGGRESSIVE;
				CLANG_CXX_LANGUAGE_STANDARD = "gnu++20";
				CLANG_ENABLE_MODULES = YES;
				CLANG_ENABLE_OBJC_ARC = YES;
				CLANG_ENABLE_OBJC_WEAK = YES;
				CLANG_WARN_BLOCK_CAPTURE_AUTORELEASING = YES;
				CLANG_WARN_BOOL_CONVERSION = YES;
				CLANG_WARN_COMMA = YES;
				CLANG_WARN_CONSTANT_CONVERSION = YES;
				CLANG_WARN_DEPRECATED_OBJC_IMPLEMENTATIONS = YES;
				CLANG_WARN_DIRECT_OBJC_ISA_USAGE = YES_ERROR;
				CLANG_WARN_DOCUMENTATION_COMMENTS = YES;
				CLANG_WARN_EMPTY_BODY = YES;
				CLANG_WARN_ENUM_CONVERSION = YES;
				CLANG_WARN_INFINITE_RECURSION = YES;
				CLANG_WARN_INT_CONVERSION = YES;
				CLANG_WARN_NON_LITERAL_NULL_CONVERSION = YES;
				CLANG_WARN_OBJC_IMPLICIT_RETAIN_SELF = YES;
				CLANG_WARN_OBJC_LITERAL_CONVERSION = YES;
				CLANG_WARN_OBJC_ROOT_CLASS = YES_ERROR;
				CLANG_WARN_QUOTED_INCLUDE_IN_FRAMEWORK_HEADER = YES;
				CLANG_WARN_RANGE_LOOP_ANALYSIS = YES;
				CLANG_WARN_STRICT_PROTOTYPES = YES;
				CLANG_WARN_SUSPICIOUS_MOVE = YES;
				CLANG_WARN_UNGUARDED_AVAILABILITY = YES_AGGRESSIVE;
				CLANG_WARN_UNREACHABLE_CODE = YES;
				CLANG_WARN__DUPLICATE_METHOD_MATCH = YES;
				COPY_PHASE_STRIP = NO;
				DEBUG_INFORMATION_FORMAT = "dwarf-with-dsym";
				ENABLE_NS_ASSERTIONS = NO;
				ENABLE_STRICT_OBJC_MSGSEND = YES;
				ENABLE_USER_SCRIPT_SANDBOXING = YES;
				GCC_C_LANGUAGE_STANDARD = gnu17;
				GCC_NO_COMMON_BLOCKS = YES;
				GCC_WARN_64_TO_32_BIT_CONVERSION = YES;
				GCC_WARN_ABOUT_RETURN_TYPE = YES_ERROR;
				GCC_WARN_UNDECLARED_SELECTOR = YES;
				GCC_WARN_UNINITIALIZED_AUTOS = YES_AGGRESSIVE;
				GCC_WARN_UNUSED_FUNCTION = YES;
				GCC_WARN_UNUSED_VARIABLE = YES;
				IPHONEOS_DEPLOYMENT_TARGET = 17.0;
				LOCALIZATION_PREFERS_STRING_CATALOGS = YES;
				MTL_ENABLE_DEBUG_INFO = NO;
				MTL_FAST_MATH = YES;
				SDKROOT = iphoneos;
				SWIFT_COMPILATION_MODE = wholemodule;
				VALIDATE_PRODUCT = YES;
			};
			name = Release;
		};
		F4AC25672B0E91F500DDDFD1 /* Debug */ = {
			isa = XCBuildConfiguration;
			buildSettings = {
				ASSETCATALOG_COMPILER_APPICON_NAME = AppIcon;
				ASSETCATALOG_COMPILER_GLOBAL_ACCENT_COLOR_NAME = AccentColor;
				CODE_SIGN_STYLE = Automatic;
				CURRENT_PROJECT_VERSION = 1;
				DEVELOPMENT_TEAM = 47GSR6AJ68;
				GENERATE_INFOPLIST_FILE = YES;
				INFOPLIST_FILE = Server/Info.plist;
				INFOPLIST_KEY_UIApplicationSupportsIndirectInputEvents = YES;
				INFOPLIST_KEY_UILaunchStoryboardName = LaunchScreen;
				INFOPLIST_KEY_UIMainStoryboardFile = Main;
				INFOPLIST_KEY_UISupportedInterfaceOrientations_iPad = "UIInterfaceOrientationPortrait UIInterfaceOrientationPortraitUpsideDown UIInterfaceOrientationLandscapeLeft UIInterfaceOrientationLandscapeRight";
				INFOPLIST_KEY_UISupportedInterfaceOrientations_iPhone = "UIInterfaceOrientationPortrait UIInterfaceOrientationLandscapeLeft UIInterfaceOrientationLandscapeRight";
				LD_RUNPATH_SEARCH_PATHS = (
					"$(inherited)",
					"@executable_path/Frameworks",
				);
				MARKETING_VERSION = 1.0;
				PRODUCT_BUNDLE_IDENTIFIER = PurdueCS536.Server;
				PRODUCT_NAME = "$(TARGET_NAME)";
				SWIFT_EMIT_LOC_STRINGS = YES;
				SWIFT_VERSION = 5.0;
				TARGETED_DEVICE_FAMILY = "1,2";
			};
			name = Debug;
		};
		F4AC25682B0E91F500DDDFD1 /* Release */ = {
			isa = XCBuildConfiguration;
			buildSettings = {
				ASSETCATALOG_COMPILER_APPICON_NAME = AppIcon;
				ASSETCATALOG_COMPILER_GLOBAL_ACCENT_COLOR_NAME = AccentColor;
				CODE_SIGN_STYLE = Automatic;
				CURRENT_PROJECT_VERSION = 1;
				DEVELOPMENT_TEAM = 47GSR6AJ68;
				GENERATE_INFOPLIST_FILE = YES;
				INFOPLIST_FILE = Server/Info.plist;
				INFOPLIST_KEY_UIApplicationSupportsIndirectInputEvents = YES;
				INFOPLIST_KEY_UILaunchStoryboardName = LaunchScreen;
				INFOPLIST_KEY_UIMainStoryboardFile = Main;
				INFOPLIST_KEY_UISupportedInterfaceOrientations_iPad = "UIInterfaceOrientationPortrait UIInterfaceOrientationPortraitUpsideDown UIInterfaceOrientationLandscapeLeft UIInterfaceOrientationLandscapeRight";
				INFOPLIST_KEY_UISupportedInterfaceOrientations_iPhone = "UIInterfaceOrientationPortrait UIInterfaceOrientationLandscapeLeft UIInterfaceOrientationLandscapeRight";
				LD_RUNPATH_SEARCH_PATHS = (
					"$(inherited)",
					"@executable_path/Frameworks",
				);
				MARKETING_VERSION = 1.0;
				PRODUCT_BUNDLE_IDENTIFIER = PurdueCS536.Server;
				PRODUCT_NAME = "$(TARGET_NAME)";
				SWIFT_EMIT_LOC_STRINGS = YES;
				SWIFT_VERSION = 5.0;
				TARGETED_DEVICE_FAMILY = "1,2";
			};
			name = Release;
		};
		F4AC256A2B0E91F500DDDFD1 /* Debug */ = {
			isa = XCBuildConfiguration;
			buildSettings = {
				ALWAYS_EMBED_SWIFT_STANDARD_LIBRARIES = YES;
				BUNDLE_LOADER = "$(TEST_HOST)";
				CODE_SIGN_STYLE = Automatic;
				CURRENT_PROJECT_VERSION = 1;
				DEVELOPMENT_TEAM = 47GSR6AJ68;
				GENERATE_INFOPLIST_FILE = YES;
				IPHONEOS_DEPLOYMENT_TARGET = 17.0;
				MARKETING_VERSION = 1.0;
				PRODUCT_BUNDLE_IDENTIFIER = PurdueCS536.ServerTests;
				PRODUCT_NAME = "$(TARGET_NAME)";
				SWIFT_EMIT_LOC_STRINGS = NO;
				SWIFT_VERSION = 5.0;
				TARGETED_DEVICE_FAMILY = "1,2";
				TEST_HOST = "$(BUILT_PRODUCTS_DIR)/Server.app/$(BUNDLE_EXECUTABLE_FOLDER_PATH)/Server";
			};
			name = Debug;
		};
		F4AC256B2B0E91F500DDDFD1 /* Release */ = {
			isa = XCBuildConfiguration;
			buildSettings = {
				ALWAYS_EMBED_SWIFT_STANDARD_LIBRARIES = YES;
				BUNDLE_LOADER = "$(TEST_HOST)";
				CODE_SIGN_STYLE = Automatic;
				CURRENT_PROJECT_VERSION = 1;
				DEVELOPMENT_TEAM = 47GSR6AJ68;
				GENERATE_INFOPLIST_FILE = YES;
				IPHONEOS_DEPLOYMENT_TARGET = 17.0;
				MARKETING_VERSION = 1.0;
				PRODUCT_BUNDLE_IDENTIFIER = PurdueCS536.ServerTests;
				PRODUCT_NAME = "$(TARGET_NAME)";
				SWIFT_EMIT_LOC_STRINGS = NO;
				SWIFT_VERSION = 5.0;
				TARGETED_DEVICE_FAMILY = "1,2";
				TEST_HOST = "$(BUILT_PRODUCTS_DIR)/Server.app/$(BUNDLE_EXECUTABLE_FOLDER_PATH)/Server";
			};
			name = Release;
		};
		F4AC256D2B0E91F500DDDFD1 /* Debug */ = {
			isa = XCBuildConfiguration;
			buildSettings = {
				ALWAYS_EMBED_SWIFT_STANDARD_LIBRARIES = YES;
				CODE_SIGN_STYLE = Automatic;
				CURRENT_PROJECT_VERSION = 1;
				DEVELOPMENT_TEAM = 47GSR6AJ68;
				GENERATE_INFOPLIST_FILE = YES;
				MARKETING_VERSION = 1.0;
				PRODUCT_BUNDLE_IDENTIFIER = PurdueCS536.ServerUITests;
				PRODUCT_NAME = "$(TARGET_NAME)";
				SWIFT_EMIT_LOC_STRINGS = NO;
				SWIFT_VERSION = 5.0;
				TARGETED_DEVICE_FAMILY = "1,2";
				TEST_TARGET_NAME = Server;
			};
			name = Debug;
		};
		F4AC256E2B0E91F500DDDFD1 /* Release */ = {
			isa = XCBuildConfiguration;
			buildSettings = {
				ALWAYS_EMBED_SWIFT_STANDARD_LIBRARIES = YES;
				CODE_SIGN_STYLE = Automatic;
				CURRENT_PROJECT_VERSION = 1;
				DEVELOPMENT_TEAM = 47GSR6AJ68;
				GENERATE_INFOPLIST_FILE = YES;
				MARKETING_VERSION = 1.0;
				PRODUCT_BUNDLE_IDENTIFIER = PurdueCS536.ServerUITests;
				PRODUCT_NAME = "$(TARGET_NAME)";
				SWIFT_EMIT_LOC_STRINGS = NO;
				SWIFT_VERSION = 5.0;
				TARGETED_DEVICE_FAMILY = "1,2";
				TEST_TARGET_NAME = Server;
			};
			name = Release;
		};
/* End XCBuildConfiguration section */

/* Begin XCConfigurationList section */
		F4AC25372B0E91F400DDDFD1 /* Build configuration list for PBXProject "Server" */ = {
			isa = XCConfigurationList;
			buildConfigurations = (
				F4AC25642B0E91F500DDDFD1 /* Debug */,
				F4AC25652B0E91F500DDDFD1 /* Release */,
			);
			defaultConfigurationIsVisible = 0;
			defaultConfigurationName = Release;
		};
		F4AC25662B0E91F500DDDFD1 /* Build configuration list for PBXNativeTarget "Server" */ = {
			isa = XCConfigurationList;
			buildConfigurations = (
				F4AC25672B0E91F500DDDFD1 /* Debug */,
				F4AC25682B0E91F500DDDFD1 /* Release */,
			);
			defaultConfigurationIsVisible = 0;
			defaultConfigurationName = Release;
		};
		F4AC25692B0E91F500DDDFD1 /* Build configuration list for PBXNativeTarget "ServerTests" */ = {
			isa = XCConfigurationList;
			buildConfigurations = (
				F4AC256A2B0E91F500DDDFD1 /* Debug */,
				F4AC256B2B0E91F500DDDFD1 /* Release */,
			);
			defaultConfigurationIsVisible = 0;
			defaultConfigurationName = Release;
		};
		F4AC256C2B0E91F500DDDFD1 /* Build configuration list for PBXNativeTarget "ServerUITests" */ = {
			isa = XCConfigurationList;
			buildConfigurations = (
				F4AC256D2B0E91F500DDDFD1 /* Debug */,
				F4AC256E2B0E91F500DDDFD1 /* Release */,
			);
			defaultConfigurationIsVisible = 0;
			defaultConfigurationName = Release;
		};
/* End XCConfigurationList section */
	};
	rootObject = F4AC25342B0E91F400DDDFD1 /* Project object */;
}
