// !$*UTF8*$!
{
	archiveVersion = 1;
	classes = {
	};
	objectVersion = 56;
	objects = {

/* Begin PBXBuildFile section */
		F4AC24F92B0E8FC700DDDFD1 /* AppDelegate.swift in Sources */ = {isa = PBXBuildFile; fileRef = F4AC24F82B0E8FC700DDDFD1 /* AppDelegate.swift */; };
		F4AC24FB2B0E8FC700DDDFD1 /* SceneDelegate.swift in Sources */ = {isa = PBXBuildFile; fileRef = F4AC24FA2B0E8FC700DDDFD1 /* SceneDelegate.swift */; };
		F4AC24FD2B0E8FC700DDDFD1 /* ViewController.swift in Sources */ = {isa = PBXBuildFile; fileRef = F4AC24FC2B0E8FC700DDDFD1 /* ViewController.swift */; };
		F4AC25002B0E8FC700DDDFD1 /* Main.storyboard in Resources */ = {isa = PBXBuildFile; fileRef = F4AC24FE2B0E8FC700DDDFD1 /* Main.storyboard */; };
		F4AC25022B0E8FC800DDDFD1 /* Assets.xcassets in Resources */ = {isa = PBXBuildFile; fileRef = F4AC25012B0E8FC800DDDFD1 /* Assets.xcassets */; };
		F4AC25052B0E8FC800DDDFD1 /* LaunchScreen.storyboard in Resources */ = {isa = PBXBuildFile; fileRef = F4AC25032B0E8FC800DDDFD1 /* LaunchScreen.storyboard */; };
		F4AC25102B0E8FC800DDDFD1 /* ClientTests.swift in Sources */ = {isa = PBXBuildFile; fileRef = F4AC250F2B0E8FC800DDDFD1 /* ClientTests.swift */; };
		F4AC251A2B0E8FC800DDDFD1 /* ClientUITests.swift in Sources */ = {isa = PBXBuildFile; fileRef = F4AC25192B0E8FC800DDDFD1 /* ClientUITests.swift */; };
		F4AC251C2B0E8FC800DDDFD1 /* ClientUITestsLaunchTests.swift in Sources */ = {isa = PBXBuildFile; fileRef = F4AC251B2B0E8FC800DDDFD1 /* ClientUITestsLaunchTests.swift */; };
		F4AC252B2B0E908000DDDFD1 /* TCPClient.swift in Sources */ = {isa = PBXBuildFile; fileRef = F4AC252A2B0E908000DDDFD1 /* TCPClient.swift */; };
		F4AC252E2B0E90C400DDDFD1 /* VideoCaptureManager.swift in Sources */ = {isa = PBXBuildFile; fileRef = F4AC252D2B0E90C400DDDFD1 /* VideoCaptureManager.swift */; };
		F4AC25302B0E90E200DDDFD1 /* H264Encoder.swift in Sources */ = {isa = PBXBuildFile; fileRef = F4AC252F2B0E90E200DDDFD1 /* H264Encoder.swift */; };
		F4AC25322B0E911200DDDFD1 /* VideoClient.swift in Sources */ = {isa = PBXBuildFile; fileRef = F4AC25312B0E911200DDDFD1 /* VideoClient.swift */; };
/* End PBXBuildFile section */

/* Begin PBXContainerItemProxy section */
		F4AC250C2B0E8FC800DDDFD1 /* PBXContainerItemProxy */ = {
			isa = PBXContainerItemProxy;
			containerPortal = F4AC24ED2B0E8FC700DDDFD1 /* Project object */;
			proxyType = 1;
			remoteGlobalIDString = F4AC24F42B0E8FC700DDDFD1;
			remoteInfo = Client;
		};
		F4AC25162B0E8FC800DDDFD1 /* PBXContainerItemProxy */ = {
			isa = PBXContainerItemProxy;
			containerPortal = F4AC24ED2B0E8FC700DDDFD1 /* Project object */;
			proxyType = 1;
			remoteGlobalIDString = F4AC24F42B0E8FC700DDDFD1;
			remoteInfo = Client;
		};
/* End PBXContainerItemProxy section */

/* Begin PBXFileReference section */
		F4AC24F52B0E8FC700DDDFD1 /* Client.app */ = {isa = PBXFileReference; explicitFileType = wrapper.application; includeInIndex = 0; path = Client.app; sourceTree = BUILT_PRODUCTS_DIR; };
		F4AC24F82B0E8FC700DDDFD1 /* AppDelegate.swift */ = {isa = PBXFileReference; lastKnownFileType = sourcecode.swift; path = AppDelegate.swift; sourceTree = "<group>"; };
		F4AC24FA2B0E8FC700DDDFD1 /* SceneDelegate.swift */ = {isa = PBXFileReference; lastKnownFileType = sourcecode.swift; path = SceneDelegate.swift; sourceTree = "<group>"; };
		F4AC24FC2B0E8FC700DDDFD1 /* ViewController.swift */ = {isa = PBXFileReference; lastKnownFileType = sourcecode.swift; path = ViewController.swift; sourceTree = "<group>"; };
		F4AC24FF2B0E8FC700DDDFD1 /* Base */ = {isa = PBXFileReference; lastKnownFileType = file.storyboard; name = Base; path = Base.lproj/Main.storyboard; sourceTree = "<group>"; };
		F4AC25012B0E8FC800DDDFD1 /* Assets.xcassets */ = {isa = PBXFileReference; lastKnownFileType = folder.assetcatalog; path = Assets.xcassets; sourceTree = "<group>"; };
		F4AC25042B0E8FC800DDDFD1 /* Base */ = {isa = PBXFileReference; lastKnownFileType = file.storyboard; name = Base; path = Base.lproj/LaunchScreen.storyboard; sourceTree = "<group>"; };
		F4AC25062B0E8FC800DDDFD1 /* Info.plist */ = {isa = PBXFileReference; lastKnownFileType = text.plist.xml; path = Info.plist; sourceTree = "<group>"; };
		F4AC250B2B0E8FC800DDDFD1 /* ClientTests.xctest */ = {isa = PBXFileReference; explicitFileType = wrapper.cfbundle; includeInIndex = 0; path = ClientTests.xctest; sourceTree = BUILT_PRODUCTS_DIR; };
		F4AC250F2B0E8FC800DDDFD1 /* ClientTests.swift */ = {isa = PBXFileReference; lastKnownFileType = sourcecode.swift; path = ClientTests.swift; sourceTree = "<group>"; };
		F4AC25152B0E8FC800DDDFD1 /* ClientUITests.xctest */ = {isa = PBXFileReference; explicitFileType = wrapper.cfbundle; includeInIndex = 0; path = ClientUITests.xctest; sourceTree = BUILT_PRODUCTS_DIR; };
		F4AC25192B0E8FC800DDDFD1 /* ClientUITests.swift */ = {isa = PBXFileReference; lastKnownFileType = sourcecode.swift; path = ClientUITests.swift; sourceTree = "<group>"; };
		F4AC251B2B0E8FC800DDDFD1 /* ClientUITestsLaunchTests.swift */ = {isa = PBXFileReference; lastKnownFileType = sourcecode.swift; path = ClientUITestsLaunchTests.swift; sourceTree = "<group>"; };
		F4AC252A2B0E908000DDDFD1 /* TCPClient.swift */ = {isa = PBXFileReference; lastKnownFileType = sourcecode.swift; path = TCPClient.swift; sourceTree = "<group>"; };
		F4AC252D2B0E90C400DDDFD1 /* VideoCaptureManager.swift */ = {isa = PBXFileReference; lastKnownFileType = sourcecode.swift; path = VideoCaptureManager.swift; sourceTree = "<group>"; };
		F4AC252F2B0E90E200DDDFD1 /* H264Encoder.swift */ = {isa = PBXFileReference; lastKnownFileType = sourcecode.swift; path = H264Encoder.swift; sourceTree = "<group>"; };
		F4AC25312B0E911200DDDFD1 /* VideoClient.swift */ = {isa = PBXFileReference; lastKnownFileType = sourcecode.swift; path = VideoClient.swift; sourceTree = "<group>"; };
/* End PBXFileReference section */

/* Begin PBXFrameworksBuildPhase section */
		F4AC24F22B0E8FC700DDDFD1 /* Frameworks */ = {
			isa = PBXFrameworksBuildPhase;
			buildActionMask = 2147483647;
			files = (
			);
			runOnlyForDeploymentPostprocessing = 0;
		};
		F4AC25082B0E8FC800DDDFD1 /* Frameworks */ = {
			isa = PBXFrameworksBuildPhase;
			buildActionMask = 2147483647;
			files = (
			);
			runOnlyForDeploymentPostprocessing = 0;
		};
		F4AC25122B0E8FC800DDDFD1 /* Frameworks */ = {
			isa = PBXFrameworksBuildPhase;
			buildActionMask = 2147483647;
			files = (
			);
			runOnlyForDeploymentPostprocessing = 0;
		};
/* End PBXFrameworksBuildPhase section */

/* Begin PBXGroup section */
		F4AC24EC2B0E8FC700DDDFD1 = {
			isa = PBXGroup;
			children = (
				F4AC252C2B0E90A700DDDFD1 /* VideoHandling */,
				F4AC25292B0E904800DDDFD1 /* Network */,
				F4AC24F72B0E8FC700DDDFD1 /* Client */,
				F4AC250E2B0E8FC800DDDFD1 /* ClientTests */,
				F4AC25182B0E8FC800DDDFD1 /* ClientUITests */,
				F4AC24F62B0E8FC700DDDFD1 /* Products */,
			);
			sourceTree = "<group>";
		};
		F4AC24F62B0E8FC700DDDFD1 /* Products */ = {
			isa = PBXGroup;
			children = (
				F4AC24F52B0E8FC700DDDFD1 /* Client.app */,
				F4AC250B2B0E8FC800DDDFD1 /* ClientTests.xctest */,
				F4AC25152B0E8FC800DDDFD1 /* ClientUITests.xctest */,
			);
			name = Products;
			sourceTree = "<group>";
		};
		F4AC24F72B0E8FC700DDDFD1 /* Client */ = {
			isa = PBXGroup;
			children = (
				F4AC24F82B0E8FC700DDDFD1 /* AppDelegate.swift */,
				F4AC24FA2B0E8FC700DDDFD1 /* SceneDelegate.swift */,
				F4AC24FC2B0E8FC700DDDFD1 /* ViewController.swift */,
				F4AC24FE2B0E8FC700DDDFD1 /* Main.storyboard */,
				F4AC25012B0E8FC800DDDFD1 /* Assets.xcassets */,
				F4AC25032B0E8FC800DDDFD1 /* LaunchScreen.storyboard */,
				F4AC25062B0E8FC800DDDFD1 /* Info.plist */,
				F4AC25312B0E911200DDDFD1 /* VideoClient.swift */,
			);
			path = Client;
			sourceTree = "<group>";
		};
		F4AC250E2B0E8FC800DDDFD1 /* ClientTests */ = {
			isa = PBXGroup;
			children = (
				F4AC250F2B0E8FC800DDDFD1 /* ClientTests.swift */,
			);
			path = ClientTests;
			sourceTree = "<group>";
		};
		F4AC25182B0E8FC800DDDFD1 /* ClientUITests */ = {
			isa = PBXGroup;
			children = (
				F4AC25192B0E8FC800DDDFD1 /* ClientUITests.swift */,
				F4AC251B2B0E8FC800DDDFD1 /* ClientUITestsLaunchTests.swift */,
			);
			path = ClientUITests;
			sourceTree = "<group>";
		};
		F4AC25292B0E904800DDDFD1 /* Network */ = {
			isa = PBXGroup;
			children = (
				F4AC252A2B0E908000DDDFD1 /* TCPClient.swift */,
			);
			path = Network;
			sourceTree = "<group>";
		};
		F4AC252C2B0E90A700DDDFD1 /* VideoHandling */ = {
			isa = PBXGroup;
			children = (
				F4AC252D2B0E90C400DDDFD1 /* VideoCaptureManager.swift */,
				F4AC252F2B0E90E200DDDFD1 /* H264Encoder.swift */,
			);
			path = VideoHandling;
			sourceTree = "<group>";
		};
/* End PBXGroup section */

/* Begin PBXNativeTarget section */
		F4AC24F42B0E8FC700DDDFD1 /* Client */ = {
			isa = PBXNativeTarget;
			buildConfigurationList = F4AC251F2B0E8FC800DDDFD1 /* Build configuration list for PBXNativeTarget "Client" */;
			buildPhases = (
				F4AC24F12B0E8FC700DDDFD1 /* Sources */,
				F4AC24F22B0E8FC700DDDFD1 /* Frameworks */,
				F4AC24F32B0E8FC700DDDFD1 /* Resources */,
			);
			buildRules = (
			);
			dependencies = (
			);
			name = Client;
			productName = Client;
			productReference = F4AC24F52B0E8FC700DDDFD1 /* Client.app */;
			productType = "com.apple.product-type.application";
		};
		F4AC250A2B0E8FC800DDDFD1 /* ClientTests */ = {
			isa = PBXNativeTarget;
			buildConfigurationList = F4AC25222B0E8FC800DDDFD1 /* Build configuration list for PBXNativeTarget "ClientTests" */;
			buildPhases = (
				F4AC25072B0E8FC800DDDFD1 /* Sources */,
				F4AC25082B0E8FC800DDDFD1 /* Frameworks */,
				F4AC25092B0E8FC800DDDFD1 /* Resources */,
			);
			buildRules = (
			);
			dependencies = (
				F4AC250D2B0E8FC800DDDFD1 /* PBXTargetDependency */,
			);
			name = ClientTests;
			productName = ClientTests;
			productReference = F4AC250B2B0E8FC800DDDFD1 /* ClientTests.xctest */;
			productType = "com.apple.product-type.bundle.unit-test";
		};
		F4AC25142B0E8FC800DDDFD1 /* ClientUITests */ = {
			isa = PBXNativeTarget;
			buildConfigurationList = F4AC25252B0E8FC800DDDFD1 /* Build configuration list for PBXNativeTarget "ClientUITests" */;
			buildPhases = (
				F4AC25112B0E8FC800DDDFD1 /* Sources */,
				F4AC25122B0E8FC800DDDFD1 /* Frameworks */,
				F4AC25132B0E8FC800DDDFD1 /* Resources */,
			);
			buildRules = (
			);
			dependencies = (
				F4AC25172B0E8FC800DDDFD1 /* PBXTargetDependency */,
			);
			name = ClientUITests;
			productName = ClientUITests;
			productReference = F4AC25152B0E8FC800DDDFD1 /* ClientUITests.xctest */;
			productType = "com.apple.product-type.bundle.ui-testing";
		};
/* End PBXNativeTarget section */

/* Begin PBXProject section */
		F4AC24ED2B0E8FC700DDDFD1 /* Project object */ = {
			isa = PBXProject;
			attributes = {
				BuildIndependentTargetsInParallel = 1;
				LastSwiftUpdateCheck = 1500;
				LastUpgradeCheck = 1500;
				TargetAttributes = {
					F4AC24F42B0E8FC700DDDFD1 = {
						CreatedOnToolsVersion = 15.0.1;
					};
					F4AC250A2B0E8FC800DDDFD1 = {
						CreatedOnToolsVersion = 15.0.1;
						TestTargetID = F4AC24F42B0E8FC700DDDFD1;
					};
					F4AC25142B0E8FC800DDDFD1 = {
						CreatedOnToolsVersion = 15.0.1;
						TestTargetID = F4AC24F42B0E8FC700DDDFD1;
					};
				};
			};
			buildConfigurationList = F4AC24F02B0E8FC700DDDFD1 /* Build configuration list for PBXProject "Client" */;
			compatibilityVersion = "Xcode 14.0";
			developmentRegion = en;
			hasScannedForEncodings = 0;
			knownRegions = (
				en,
				Base,
			);
			mainGroup = F4AC24EC2B0E8FC700DDDFD1;
			productRefGroup = F4AC24F62B0E8FC700DDDFD1 /* Products */;
			projectDirPath = "";
			projectRoot = "";
			targets = (
				F4AC24F42B0E8FC700DDDFD1 /* Client */,
				F4AC250A2B0E8FC800DDDFD1 /* ClientTests */,
				F4AC25142B0E8FC800DDDFD1 /* ClientUITests */,
			);
		};
/* End PBXProject section */

/* Begin PBXResourcesBuildPhase section */
		F4AC24F32B0E8FC700DDDFD1 /* Resources */ = {
			isa = PBXResourcesBuildPhase;
			buildActionMask = 2147483647;
			files = (
				F4AC25052B0E8FC800DDDFD1 /* LaunchScreen.storyboard in Resources */,
				F4AC25022B0E8FC800DDDFD1 /* Assets.xcassets in Resources */,
				F4AC25002B0E8FC700DDDFD1 /* Main.storyboard in Resources */,
			);
			runOnlyForDeploymentPostprocessing = 0;
		};
		F4AC25092B0E8FC800DDDFD1 /* Resources */ = {
			isa = PBXResourcesBuildPhase;
			buildActionMask = 2147483647;
			files = (
			);
			runOnlyForDeploymentPostprocessing = 0;
		};
		F4AC25132B0E8FC800DDDFD1 /* Resources */ = {
			isa = PBXResourcesBuildPhase;
			buildActionMask = 2147483647;
			files = (
			);
			runOnlyForDeploymentPostprocessing = 0;
		};
/* End PBXResourcesBuildPhase section */

/* Begin PBXSourcesBuildPhase section */
		F4AC24F12B0E8FC700DDDFD1 /* Sources */ = {
			isa = PBXSourcesBuildPhase;
			buildActionMask = 2147483647;
			files = (
				F4AC25302B0E90E200DDDFD1 /* H264Encoder.swift in Sources */,
				F4AC252B2B0E908000DDDFD1 /* TCPClient.swift in Sources */,
				F4AC25322B0E911200DDDFD1 /* VideoClient.swift in Sources */,
				F4AC252E2B0E90C400DDDFD1 /* VideoCaptureManager.swift in Sources */,
				F4AC24FD2B0E8FC700DDDFD1 /* ViewController.swift in Sources */,
				F4AC24F92B0E8FC700DDDFD1 /* AppDelegate.swift in Sources */,
				F4AC24FB2B0E8FC700DDDFD1 /* SceneDelegate.swift in Sources */,
			);
			runOnlyForDeploymentPostprocessing = 0;
		};
		F4AC25072B0E8FC800DDDFD1 /* Sources */ = {
			isa = PBXSourcesBuildPhase;
			buildActionMask = 2147483647;
			files = (
				F4AC25102B0E8FC800DDDFD1 /* ClientTests.swift in Sources */,
			);
			runOnlyForDeploymentPostprocessing = 0;
		};
		F4AC25112B0E8FC800DDDFD1 /* Sources */ = {
			isa = PBXSourcesBuildPhase;
			buildActionMask = 2147483647;
			files = (
				F4AC251A2B0E8FC800DDDFD1 /* ClientUITests.swift in Sources */,
				F4AC251C2B0E8FC800DDDFD1 /* ClientUITestsLaunchTests.swift in Sources */,
			);
			runOnlyForDeploymentPostprocessing = 0;
		};
/* End PBXSourcesBuildPhase section */

/* Begin PBXTargetDependency section */
		F4AC250D2B0E8FC800DDDFD1 /* PBXTargetDependency */ = {
			isa = PBXTargetDependency;
			target = F4AC24F42B0E8FC700DDDFD1 /* Client */;
			targetProxy = F4AC250C2B0E8FC800DDDFD1 /* PBXContainerItemProxy */;
		};
		F4AC25172B0E8FC800DDDFD1 /* PBXTargetDependency */ = {
			isa = PBXTargetDependency;
			target = F4AC24F42B0E8FC700DDDFD1 /* Client */;
			targetProxy = F4AC25162B0E8FC800DDDFD1 /* PBXContainerItemProxy */;
		};
/* End PBXTargetDependency section */

/* Begin PBXVariantGroup section */
		F4AC24FE2B0E8FC700DDDFD1 /* Main.storyboard */ = {
			isa = PBXVariantGroup;
			children = (
				F4AC24FF2B0E8FC700DDDFD1 /* Base */,
			);
			name = Main.storyboard;
			sourceTree = "<group>";
		};
		F4AC25032B0E8FC800DDDFD1 /* LaunchScreen.storyboard */ = {
			isa = PBXVariantGroup;
			children = (
				F4AC25042B0E8FC800DDDFD1 /* Base */,
			);
			name = LaunchScreen.storyboard;
			sourceTree = "<group>";
		};
/* End PBXVariantGroup section */

/* Begin XCBuildConfiguration section */
		F4AC251D2B0E8FC800DDDFD1 /* Debug */ = {
			isa = XCBuildConfiguration;
			buildSettings = {
				ALWAYS_SEARCH_USER_PATHS = NO;
				ASSETCATALOG_COMPILER_GENERATE_SWIFT_ASSET_SYMBOL_EXTENSIONS = YES;
				CLANG_ANALYZER_NONNULL = YES;
				CLANG_ANALYZER_NUMBER_OBJECT_CONVERSION = YES_AGGRESSIVE;
				CLANG_CXX_LANGUAGE_STANDARD = "gnu++20";
				CLANG_ENABLE_MODULES = YES;
				CLANG_ENABLE_OBJC_ARC = YES;
				CLANG_ENABLE_OBJC_WEAK = YES;
				CLANG_WARN_BLOCK_CAPTURE_AUTORELEASING = YES;
				CLANG_WARN_BOOL_CONVERSION = YES;
				CLANG_WARN_COMMA = YES;
				CLANG_WARN_CONSTANT_CONVERSION = YES;
				CLANG_WARN_DEPRECATED_OBJC_IMPLEMENTATIONS = YES;
				CLANG_WARN_DIRECT_OBJC_ISA_USAGE = YES_ERROR;
				CLANG_WARN_DOCUMENTATION_COMMENTS = YES;
				CLANG_WARN_EMPTY_BODY = YES;
				CLANG_WARN_ENUM_CONVERSION = YES;
				CLANG_WARN_INFINITE_RECURSION = YES;
				CLANG_WARN_INT_CONVERSION = YES;
				CLANG_WARN_NON_LITERAL_NULL_CONVERSION = YES;
				CLANG_WARN_OBJC_IMPLICIT_RETAIN_SELF = YES;
				CLANG_WARN_OBJC_LITERAL_CONVERSION = YES;
				CLANG_WARN_OBJC_ROOT_CLASS = YES_ERROR;
				CLANG_WARN_QUOTED_INCLUDE_IN_FRAMEWORK_HEADER = YES;
				CLANG_WARN_RANGE_LOOP_ANALYSIS = YES;
				CLANG_WARN_STRICT_PROTOTYPES = YES;
				CLANG_WARN_SUSPICIOUS_MOVE = YES;
				CLANG_WARN_UNGUARDED_AVAILABILITY = YES_AGGRESSIVE;
				CLANG_WARN_UNREACHABLE_CODE = YES;
				CLANG_WARN__DUPLICATE_METHOD_MATCH = YES;
				COPY_PHASE_STRIP = NO;
				DEBUG_INFORMATION_FORMAT = dwarf;
				ENABLE_STRICT_OBJC_MSGSEND = YES;
				ENABLE_TESTABILITY = YES;
				ENABLE_USER_SCRIPT_SANDBOXING = YES;
				GCC_C_LANGUAGE_STANDARD = gnu17;
				GCC_DYNAMIC_NO_PIC = NO;
				GCC_NO_COMMON_BLOCKS = YES;
				GCC_OPTIMIZATION_LEVEL = 0;
				GCC_PREPROCESSOR_DEFINITIONS = (
					"DEBUG=1",
					"$(inherited)",
				);
				GCC_WARN_64_TO_32_BIT_CONVERSION = YES;
				GCC_WARN_ABOUT_RETURN_TYPE = YES_ERROR;
				GCC_WARN_UNDECLARED_SELECTOR = YES;
				GCC_WARN_UNINITIALIZED_AUTOS = YES_AGGRESSIVE;
				GCC_WARN_UNUSED_FUNCTION = YES;
				GCC_WARN_UNUSED_VARIABLE = YES;
				IPHONEOS_DEPLOYMENT_TARGET = 17.0;
				LOCALIZATION_PREFERS_STRING_CATALOGS = YES;
				MTL_ENABLE_DEBUG_INFO = INCLUDE_SOURCE;
				MTL_FAST_MATH = YES;
				ONLY_ACTIVE_ARCH = YES;
				SDKROOT = iphoneos;
				SWIFT_ACTIVE_COMPILATION_CONDITIONS = "DEBUG $(inherited)";
				SWIFT_OPTIMIZATION_LEVEL = "-Onone";
			};
			name = Debug;
		};
		F4AC251E2B0E8FC800DDDFD1 /* Release */ = {
			isa = XCBuildConfiguration;
			buildSettings = {
				ALWAYS_SEARCH_USER_PATHS = NO;
				ASSETCATALOG_COMPILER_GENERATE_SWIFT_ASSET_SYMBOL_EXTENSIONS = YES;
				CLANG_ANALYZER_NONNULL = YES;
				CLANG_ANALYZER_NUMBER_OBJECT_CONVERSION = YES_AGGRESSIVE;
				CLANG_CXX_LANGUAGE_STANDARD = "gnu++20";
				CLANG_ENABLE_MODULES = YES;
				CLANG_ENABLE_OBJC_ARC = YES;
				CLANG_ENABLE_OBJC_WEAK = YES;
				CLANG_WARN_BLOCK_CAPTURE_AUTORELEASING = YES;
				CLANG_WARN_BOOL_CONVERSION = YES;
				CLANG_WARN_COMMA = YES;
				CLANG_WARN_CONSTANT_CONVERSION = YES;
				CLANG_WARN_DEPRECATED_OBJC_IMPLEMENTATIONS = YES;
				CLANG_WARN_DIRECT_OBJC_ISA_USAGE = YES_ERROR;
				CLANG_WARN_DOCUMENTATION_COMMENTS = YES;
				CLANG_WARN_EMPTY_BODY = YES;
				CLANG_WARN_ENUM_CONVERSION = YES;
				CLANG_WARN_INFINITE_RECURSION = YES;
				CLANG_WARN_INT_CONVERSION = YES;
				CLANG_WARN_NON_LITERAL_NULL_CONVERSION = YES;
				CLANG_WARN_OBJC_IMPLICIT_RETAIN_SELF = YES;
				CLANG_WARN_OBJC_LITERAL_CONVERSION = YES;
				CLANG_WARN_OBJC_ROOT_CLASS = YES_ERROR;
				CLANG_WARN_QUOTED_INCLUDE_IN_FRAMEWORK_HEADER = YES;
				CLANG_WARN_RANGE_LOOP_ANALYSIS = YES;
				CLANG_WARN_STRICT_PROTOTYPES = YES;
				CLANG_WARN_SUSPICIOUS_MOVE = YES;
				CLANG_WARN_UNGUARDED_AVAILABILITY = YES_AGGRESSIVE;
				CLANG_WARN_UNREACHABLE_CODE = YES;
				CLANG_WARN__DUPLICATE_METHOD_MATCH = YES;
				COPY_PHASE_STRIP = NO;
				DEBUG_INFORMATION_FORMAT = "dwarf-with-dsym";
				ENABLE_NS_ASSERTIONS = NO;
				ENABLE_STRICT_OBJC_MSGSEND = YES;
				ENABLE_USER_SCRIPT_SANDBOXING = YES;
				GCC_C_LANGUAGE_STANDARD = gnu17;
				GCC_NO_COMMON_BLOCKS = YES;
				GCC_WARN_64_TO_32_BIT_CONVERSION = YES;
				GCC_WARN_ABOUT_RETURN_TYPE = YES_ERROR;
				GCC_WARN_UNDECLARED_SELECTOR = YES;
				GCC_WARN_UNINITIALIZED_AUTOS = YES_AGGRESSIVE;
				GCC_WARN_UNUSED_FUNCTION = YES;
				GCC_WARN_UNUSED_VARIABLE = YES;
				IPHONEOS_DEPLOYMENT_TARGET = 17.0;
				LOCALIZATION_PREFERS_STRING_CATALOGS = YES;
				MTL_ENABLE_DEBUG_INFO = NO;
				MTL_FAST_MATH = YES;
				SDKROOT = iphoneos;
				SWIFT_COMPILATION_MODE = wholemodule;
				VALIDATE_PRODUCT = YES;
			};
			name = Release;
		};
		F4AC25202B0E8FC800DDDFD1 /* Debug */ = {
			isa = XCBuildConfiguration;
			buildSettings = {
				ASSETCATALOG_COMPILER_APPICON_NAME = AppIcon;
				ASSETCATALOG_COMPILER_GLOBAL_ACCENT_COLOR_NAME = AccentColor;
				CODE_SIGN_STYLE = Automatic;
				CURRENT_PROJECT_VERSION = 1;
				DEVELOPMENT_TEAM = 47GSR6AJ68;
				GENERATE_INFOPLIST_FILE = YES;
				INFOPLIST_FILE = Client/Info.plist;
				INFOPLIST_KEY_UIApplicationSupportsIndirectInputEvents = YES;
				INFOPLIST_KEY_UILaunchStoryboardName = LaunchScreen;
				INFOPLIST_KEY_UIMainStoryboardFile = Main;
				INFOPLIST_KEY_UISupportedInterfaceOrientations_iPad = "UIInterfaceOrientationPortrait UIInterfaceOrientationPortraitUpsideDown UIInterfaceOrientationLandscapeLeft UIInterfaceOrientationLandscapeRight";
				INFOPLIST_KEY_UISupportedInterfaceOrientations_iPhone = "UIInterfaceOrientationPortrait UIInterfaceOrientationLandscapeLeft UIInterfaceOrientationLandscapeRight";
				LD_RUNPATH_SEARCH_PATHS = (
					"$(inherited)",
					"@executable_path/Frameworks",
				);
				MARKETING_VERSION = 1.0;
				PRODUCT_BUNDLE_IDENTIFIER = PurdueCS536.Client;
				PRODUCT_NAME = "$(TARGET_NAME)";
				SWIFT_EMIT_LOC_STRINGS = YES;
				SWIFT_VERSION = 5.0;
				TARGETED_DEVICE_FAMILY = "1,2";
			};
			name = Debug;
		};
		F4AC25212B0E8FC800DDDFD1 /* Release */ = {
			isa = XCBuildConfiguration;
			buildSettings = {
				ASSETCATALOG_COMPILER_APPICON_NAME = AppIcon;
				ASSETCATALOG_COMPILER_GLOBAL_ACCENT_COLOR_NAME = AccentColor;
				CODE_SIGN_STYLE = Automatic;
				CURRENT_PROJECT_VERSION = 1;
				DEVELOPMENT_TEAM = 47GSR6AJ68;
				GENERATE_INFOPLIST_FILE = YES;
				INFOPLIST_FILE = Client/Info.plist;
				INFOPLIST_KEY_UIApplicationSupportsIndirectInputEvents = YES;
				INFOPLIST_KEY_UILaunchStoryboardName = LaunchScreen;
				INFOPLIST_KEY_UIMainStoryboardFile = Main;
				INFOPLIST_KEY_UISupportedInterfaceOrientations_iPad = "UIInterfaceOrientationPortrait UIInterfaceOrientationPortraitUpsideDown UIInterfaceOrientationLandscapeLeft UIInterfaceOrientationLandscapeRight";
				INFOPLIST_KEY_UISupportedInterfaceOrientations_iPhone = "UIInterfaceOrientationPortrait UIInterfaceOrientationLandscapeLeft UIInterfaceOrientationLandscapeRight";
				LD_RUNPATH_SEARCH_PATHS = (
					"$(inherited)",
					"@executable_path/Frameworks",
				);
				MARKETING_VERSION = 1.0;
				PRODUCT_BUNDLE_IDENTIFIER = PurdueCS536.Client;
				PRODUCT_NAME = "$(TARGET_NAME)";
				SWIFT_EMIT_LOC_STRINGS = YES;
				SWIFT_VERSION = 5.0;
				TARGETED_DEVICE_FAMILY = "1,2";
			};
			name = Release;
		};
		F4AC25232B0E8FC800DDDFD1 /* Debug */ = {
			isa = XCBuildConfiguration;
			buildSettings = {
				ALWAYS_EMBED_SWIFT_STANDARD_LIBRARIES = YES;
				BUNDLE_LOADER = "$(TEST_HOST)";
				CODE_SIGN_STYLE = Automatic;
				CURRENT_PROJECT_VERSION = 1;
				DEVELOPMENT_TEAM = 47GSR6AJ68;
				GENERATE_INFOPLIST_FILE = YES;
				IPHONEOS_DEPLOYMENT_TARGET = 17.0;
				MARKETING_VERSION = 1.0;
				PRODUCT_BUNDLE_IDENTIFIER = PurdueCS536.ClientTests;
				PRODUCT_NAME = "$(TARGET_NAME)";
				SWIFT_EMIT_LOC_STRINGS = NO;
				SWIFT_VERSION = 5.0;
				TARGETED_DEVICE_FAMILY = "1,2";
				TEST_HOST = "$(BUILT_PRODUCTS_DIR)/Client.app/$(BUNDLE_EXECUTABLE_FOLDER_PATH)/Client";
			};
			name = Debug;
		};
		F4AC25242B0E8FC800DDDFD1 /* Release */ = {
			isa = XCBuildConfiguration;
			buildSettings = {
				ALWAYS_EMBED_SWIFT_STANDARD_LIBRARIES = YES;
				BUNDLE_LOADER = "$(TEST_HOST)";
				CODE_SIGN_STYLE = Automatic;
				CURRENT_PROJECT_VERSION = 1;
				DEVELOPMENT_TEAM = 47GSR6AJ68;
				GENERATE_INFOPLIST_FILE = YES;
				IPHONEOS_DEPLOYMENT_TARGET = 17.0;
				MARKETING_VERSION = 1.0;
				PRODUCT_BUNDLE_IDENTIFIER = PurdueCS536.ClientTests;
				PRODUCT_NAME = "$(TARGET_NAME)";
				SWIFT_EMIT_LOC_STRINGS = NO;
				SWIFT_VERSION = 5.0;
				TARGETED_DEVICE_FAMILY = "1,2";
				TEST_HOST = "$(BUILT_PRODUCTS_DIR)/Client.app/$(BUNDLE_EXECUTABLE_FOLDER_PATH)/Client";
			};
			name = Release;
		};
		F4AC25262B0E8FC800DDDFD1 /* Debug */ = {
			isa = XCBuildConfiguration;
			buildSettings = {
				ALWAYS_EMBED_SWIFT_STANDARD_LIBRARIES = YES;
				CODE_SIGN_STYLE = Automatic;
				CURRENT_PROJECT_VERSION = 1;
				DEVELOPMENT_TEAM = 47GSR6AJ68;
				GENERATE_INFOPLIST_FILE = YES;
				MARKETING_VERSION = 1.0;
				PRODUCT_BUNDLE_IDENTIFIER = PurdueCS536.ClientUITests;
				PRODUCT_NAME = "$(TARGET_NAME)";
				SWIFT_EMIT_LOC_STRINGS = NO;
				SWIFT_VERSION = 5.0;
				TARGETED_DEVICE_FAMILY = "1,2";
				TEST_TARGET_NAME = Client;
			};
			name = Debug;
		};
		F4AC25272B0E8FC800DDDFD1 /* Release */ = {
			isa = XCBuildConfiguration;
			buildSettings = {
				ALWAYS_EMBED_SWIFT_STANDARD_LIBRARIES = YES;
				CODE_SIGN_STYLE = Automatic;
				CURRENT_PROJECT_VERSION = 1;
				DEVELOPMENT_TEAM = 47GSR6AJ68;
				GENERATE_INFOPLIST_FILE = YES;
				MARKETING_VERSION = 1.0;
				PRODUCT_BUNDLE_IDENTIFIER = PurdueCS536.ClientUITests;
				PRODUCT_NAME = "$(TARGET_NAME)";
				SWIFT_EMIT_LOC_STRINGS = NO;
				SWIFT_VERSION = 5.0;
				TARGETED_DEVICE_FAMILY = "1,2";
				TEST_TARGET_NAME = Client;
			};
			name = Release;
		};
/* End XCBuildConfiguration section */

/* Begin XCConfigurationList section */
		F4AC24F02B0E8FC700DDDFD1 /* Build configuration list for PBXProject "Client" */ = {
			isa = XCConfigurationList;
			buildConfigurations = (
				F4AC251D2B0E8FC800DDDFD1 /* Debug */,
				F4AC251E2B0E8FC800DDDFD1 /* Release */,
			);
			defaultConfigurationIsVisible = 0;
			defaultConfigurationName = Release;
		};
		F4AC251F2B0E8FC800DDDFD1 /* Build configuration list for PBXNativeTarget "Client" */ = {
			isa = XCConfigurationList;
			buildConfigurations = (
				F4AC25202B0E8FC800DDDFD1 /* Debug */,
				F4AC25212B0E8FC800DDDFD1 /* Release */,
			);
			defaultConfigurationIsVisible = 0;
			defaultConfigurationName = Release;
		};
		F4AC25222B0E8FC800DDDFD1 /* Build configuration list for PBXNativeTarget "ClientTests" */ = {
			isa = XCConfigurationList;
			buildConfigurations = (
				F4AC25232B0E8FC800DDDFD1 /* Debug */,
				F4AC25242B0E8FC800DDDFD1 /* Release */,
			);
			defaultConfigurationIsVisible = 0;
			defaultConfigurationName = Release;
		};
		F4AC25252B0E8FC800DDDFD1 /* Build configuration list for PBXNativeTarget "ClientUITests" */ = {
			isa = XCConfigurationList;
			buildConfigurations = (
				F4AC25262B0E8FC800DDDFD1 /* Debug */,
				F4AC25272B0E8FC800DDDFD1 /* Release */,
			);
			defaultConfigurationIsVisible = 0;
			defaultConfigurationName = Release;
		};
/* End XCConfigurationList section */
	};
	rootObject = F4AC24ED2B0E8FC700DDDFD1 /* Project object */;
}
