// !$*UTF8*$!
{
	archiveVersion = 1;
	classes = {
	};
	objectVersion = 56;
	objects = {

/* Begin PBXBuildFile section */
		F46799052B16B042005644BF /* AppDelegate.swift in Sources */ = {isa = PBXBuildFile; fileRef = F46799042B16B042005644BF /* AppDelegate.swift */; };
		F46799072B16B042005644BF /* SceneDelegate.swift in Sources */ = {isa = PBXBuildFile; fileRef = F46799062B16B042005644BF /* SceneDelegate.swift */; };
		F46799092B16B042005644BF /* ViewController.swift in Sources */ = {isa = PBXBuildFile; fileRef = F46799082B16B042005644BF /* ViewController.swift */; };
		F467990C2B16B042005644BF /* Main.storyboard in Resources */ = {isa = PBXBuildFile; fileRef = F467990A2B16B042005644BF /* Main.storyboard */; };
		F467990E2B16B043005644BF /* Assets.xcassets in Resources */ = {isa = PBXBuildFile; fileRef = F467990D2B16B043005644BF /* Assets.xcassets */; };
		F46799112B16B043005644BF /* LaunchScreen.storyboard in Resources */ = {isa = PBXBuildFile; fileRef = F467990F2B16B043005644BF /* LaunchScreen.storyboard */; };
		F467991C2B16B043005644BF /* UpstreamProjectTests.swift in Sources */ = {isa = PBXBuildFile; fileRef = F467991B2B16B043005644BF /* UpstreamProjectTests.swift */; };
		F46799262B16B043005644BF /* UpstreamProjectUITests.swift in Sources */ = {isa = PBXBuildFile; fileRef = F46799252B16B043005644BF /* UpstreamProjectUITests.swift */; };
		F46799282B16B043005644BF /* UpstreamProjectUITestsLaunchTests.swift in Sources */ = {isa = PBXBuildFile; fileRef = F46799272B16B043005644BF /* UpstreamProjectUITestsLaunchTests.swift */; };
		F46799392B16BF0E005644BF /* StartStreamingViewController.swift in Sources */ = {isa = PBXBuildFile; fileRef = F46799382B16BF0E005644BF /* StartStreamingViewController.swift */; };
		F467993D2B16C176005644BF /* VideoCatpureManager.swift in Sources */ = {isa = PBXBuildFile; fileRef = F467993C2B16C176005644BF /* VideoCatpureManager.swift */; };
		F467993F2B16C198005644BF /* H264Encoder.swift in Sources */ = {isa = PBXBuildFile; fileRef = F467993E2B16C198005644BF /* H264Encoder.swift */; };
		F46799482B16C80A005644BF /* StreamingViewController.swift in Sources */ = {isa = PBXBuildFile; fileRef = F46799472B16C80A005644BF /* StreamingViewController.swift */; };
		F467994A2B16D3EF005644BF /* TCPConnection.swift in Sources */ = {isa = PBXBuildFile; fileRef = F46799492B16D3EF005644BF /* TCPConnection.swift */; };
		F467994C2B16D794005644BF /* ServerInteracter.swift in Sources */ = {isa = PBXBuildFile; fileRef = F467994B2B16D794005644BF /* ServerInteracter.swift */; };
		F467994E2B196C1A005644BF /* VideoClient.swift in Sources */ = {isa = PBXBuildFile; fileRef = F467994D2B196C1A005644BF /* VideoClient.swift */; };
/* End PBXBuildFile section */

/* Begin PBXContainerItemProxy section */
		F46799182B16B043005644BF /* PBXContainerItemProxy */ = {
			isa = PBXContainerItemProxy;
			containerPortal = F46798F92B16B042005644BF /* Project object */;
			proxyType = 1;
			remoteGlobalIDString = F46799002B16B042005644BF;
			remoteInfo = UpstreamProject;
		};
		F46799222B16B043005644BF /* PBXContainerItemProxy */ = {
			isa = PBXContainerItemProxy;
			containerPortal = F46798F92B16B042005644BF /* Project object */;
			proxyType = 1;
			remoteGlobalIDString = F46799002B16B042005644BF;
			remoteInfo = UpstreamProject;
		};
/* End PBXContainerItemProxy section */

/* Begin PBXFileReference section */
		F46799012B16B042005644BF /* UpstreamProject.app */ = {isa = PBXFileReference; explicitFileType = wrapper.application; includeInIndex = 0; path = UpstreamProject.app; sourceTree = BUILT_PRODUCTS_DIR; };
		F46799042B16B042005644BF /* AppDelegate.swift */ = {isa = PBXFileReference; lastKnownFileType = sourcecode.swift; path = AppDelegate.swift; sourceTree = "<group>"; };
		F46799062B16B042005644BF /* SceneDelegate.swift */ = {isa = PBXFileReference; lastKnownFileType = sourcecode.swift; path = SceneDelegate.swift; sourceTree = "<group>"; };
		F46799082B16B042005644BF /* ViewController.swift */ = {isa = PBXFileReference; lastKnownFileType = sourcecode.swift; path = ViewController.swift; sourceTree = "<group>"; };
		F467990B2B16B042005644BF /* Base */ = {isa = PBXFileReference; lastKnownFileType = file.storyboard; name = Base; path = Base.lproj/Main.storyboard; sourceTree = "<group>"; };
		F467990D2B16B043005644BF /* Assets.xcassets */ = {isa = PBXFileReference; lastKnownFileType = folder.assetcatalog; path = Assets.xcassets; sourceTree = "<group>"; };
		F46799102B16B043005644BF /* Base */ = {isa = PBXFileReference; lastKnownFileType = file.storyboard; name = Base; path = Base.lproj/LaunchScreen.storyboard; sourceTree = "<group>"; };
		F46799122B16B043005644BF /* Info.plist */ = {isa = PBXFileReference; lastKnownFileType = text.plist.xml; path = Info.plist; sourceTree = "<group>"; };
		F46799172B16B043005644BF /* UpstreamProjectTests.xctest */ = {isa = PBXFileReference; explicitFileType = wrapper.cfbundle; includeInIndex = 0; path = UpstreamProjectTests.xctest; sourceTree = BUILT_PRODUCTS_DIR; };
		F467991B2B16B043005644BF /* UpstreamProjectTests.swift */ = {isa = PBXFileReference; lastKnownFileType = sourcecode.swift; path = UpstreamProjectTests.swift; sourceTree = "<group>"; };
		F46799212B16B043005644BF /* UpstreamProjectUITests.xctest */ = {isa = PBXFileReference; explicitFileType = wrapper.cfbundle; includeInIndex = 0; path = UpstreamProjectUITests.xctest; sourceTree = BUILT_PRODUCTS_DIR; };
		F46799252B16B043005644BF /* UpstreamProjectUITests.swift */ = {isa = PBXFileReference; lastKnownFileType = sourcecode.swift; path = UpstreamProjectUITests.swift; sourceTree = "<group>"; };
		F46799272B16B043005644BF /* UpstreamProjectUITestsLaunchTests.swift */ = {isa = PBXFileReference; lastKnownFileType = sourcecode.swift; path = UpstreamProjectUITestsLaunchTests.swift; sourceTree = "<group>"; };
		F46799382B16BF0E005644BF /* StartStreamingViewController.swift */ = {isa = PBXFileReference; lastKnownFileType = sourcecode.swift; path = StartStreamingViewController.swift; sourceTree = "<group>"; };
		F467993C2B16C176005644BF /* VideoCatpureManager.swift */ = {isa = PBXFileReference; lastKnownFileType = sourcecode.swift; path = VideoCatpureManager.swift; sourceTree = "<group>"; };
		F467993E2B16C198005644BF /* H264Encoder.swift */ = {isa = PBXFileReference; lastKnownFileType = sourcecode.swift; path = H264Encoder.swift; sourceTree = "<group>"; };
		F46799472B16C80A005644BF /* StreamingViewController.swift */ = {isa = PBXFileReference; lastKnownFileType = sourcecode.swift; path = StreamingViewController.swift; sourceTree = "<group>"; };
		F46799492B16D3EF005644BF /* TCPConnection.swift */ = {isa = PBXFileReference; lastKnownFileType = sourcecode.swift; path = TCPConnection.swift; sourceTree = "<group>"; };
		F467994B2B16D794005644BF /* ServerInteracter.swift */ = {isa = PBXFileReference; lastKnownFileType = sourcecode.swift; path = ServerInteracter.swift; sourceTree = "<group>"; };
		F467994D2B196C1A005644BF /* VideoClient.swift */ = {isa = PBXFileReference; lastKnownFileType = sourcecode.swift; path = VideoClient.swift; sourceTree = "<group>"; };
/* End PBXFileReference section */

/* Begin PBXFrameworksBuildPhase section */
		F46798FE2B16B042005644BF /* Frameworks */ = {
			isa = PBXFrameworksBuildPhase;
			buildActionMask = 2147483647;
			files = (
			);
			runOnlyForDeploymentPostprocessing = 0;
		};
		F46799142B16B043005644BF /* Frameworks */ = {
			isa = PBXFrameworksBuildPhase;
			buildActionMask = 2147483647;
			files = (
			);
			runOnlyForDeploymentPostprocessing = 0;
		};
		F467991E2B16B043005644BF /* Frameworks */ = {
			isa = PBXFrameworksBuildPhase;
			buildActionMask = 2147483647;
			files = (
			);
			runOnlyForDeploymentPostprocessing = 0;
		};
/* End PBXFrameworksBuildPhase section */

/* Begin PBXGroup section */
		F46798F82B16B042005644BF = {
			isa = PBXGroup;
			children = (
				F46799402B16C1BC005644BF /* Network */,
				F467993A2B16C13B005644BF /* StreamerVideoHandler */,
				F46799032B16B042005644BF /* UpstreamProject */,
				F467991A2B16B043005644BF /* UpstreamProjectTests */,
				F46799242B16B043005644BF /* UpstreamProjectUITests */,
				F46799022B16B042005644BF /* Products */,
			);
			sourceTree = "<group>";
		};
		F46799022B16B042005644BF /* Products */ = {
			isa = PBXGroup;
			children = (
				F46799012B16B042005644BF /* UpstreamProject.app */,
				F46799172B16B043005644BF /* UpstreamProjectTests.xctest */,
				F46799212B16B043005644BF /* UpstreamProjectUITests.xctest */,
			);
			name = Products;
			sourceTree = "<group>";
		};
		F46799032B16B042005644BF /* UpstreamProject */ = {
			isa = PBXGroup;
			children = (
				F467994D2B196C1A005644BF /* VideoClient.swift */,
				F46799042B16B042005644BF /* AppDelegate.swift */,
				F46799062B16B042005644BF /* SceneDelegate.swift */,
				F46799082B16B042005644BF /* ViewController.swift */,
				F46799382B16BF0E005644BF /* StartStreamingViewController.swift */,
				F467990A2B16B042005644BF /* Main.storyboard */,
				F467990D2B16B043005644BF /* Assets.xcassets */,
				F467990F2B16B043005644BF /* LaunchScreen.storyboard */,
				F46799122B16B043005644BF /* Info.plist */,
				F46799472B16C80A005644BF /* StreamingViewController.swift */,
			);
			path = UpstreamProject;
			sourceTree = "<group>";
		};
		F467991A2B16B043005644BF /* UpstreamProjectTests */ = {
			isa = PBXGroup;
			children = (
				F467991B2B16B043005644BF /* UpstreamProjectTests.swift */,
			);
			path = UpstreamProjectTests;
			sourceTree = "<group>";
		};
		F46799242B16B043005644BF /* UpstreamProjectUITests */ = {
			isa = PBXGroup;
			children = (
				F46799252B16B043005644BF /* UpstreamProjectUITests.swift */,
				F46799272B16B043005644BF /* UpstreamProjectUITestsLaunchTests.swift */,
			);
			path = UpstreamProjectUITests;
			sourceTree = "<group>";
		};
		F467993A2B16C13B005644BF /* StreamerVideoHandler */ = {
			isa = PBXGroup;
			children = (
				F467993C2B16C176005644BF /* VideoCatpureManager.swift */,
				F467993E2B16C198005644BF /* H264Encoder.swift */,
			);
			path = StreamerVideoHandler;
			sourceTree = "<group>";
		};
		F46799402B16C1BC005644BF /* Network */ = {
			isa = PBXGroup;
			children = (
				F46799492B16D3EF005644BF /* TCPConnection.swift */,
				F467994B2B16D794005644BF /* ServerInteracter.swift */,
			);
			path = Network;
			sourceTree = "<group>";
		};
/* End PBXGroup section */

/* Begin PBXNativeTarget section */
		F46799002B16B042005644BF /* UpstreamProject */ = {
			isa = PBXNativeTarget;
			buildConfigurationList = F467992B2B16B043005644BF /* Build configuration list for PBXNativeTarget "UpstreamProject" */;
			buildPhases = (
				F46798FD2B16B042005644BF /* Sources */,
				F46798FE2B16B042005644BF /* Frameworks */,
				F46798FF2B16B042005644BF /* Resources */,
			);
			buildRules = (
			);
			dependencies = (
			);
			name = UpstreamProject;
			productName = UpstreamProject;
			productReference = F46799012B16B042005644BF /* UpstreamProject.app */;
			productType = "com.apple.product-type.application";
		};
		F46799162B16B043005644BF /* UpstreamProjectTests */ = {
			isa = PBXNativeTarget;
			buildConfigurationList = F467992E2B16B043005644BF /* Build configuration list for PBXNativeTarget "UpstreamProjectTests" */;
			buildPhases = (
				F46799132B16B043005644BF /* Sources */,
				F46799142B16B043005644BF /* Frameworks */,
				F46799152B16B043005644BF /* Resources */,
			);
			buildRules = (
			);
			dependencies = (
				F46799192B16B043005644BF /* PBXTargetDependency */,
			);
			name = UpstreamProjectTests;
			productName = UpstreamProjectTests;
			productReference = F46799172B16B043005644BF /* UpstreamProjectTests.xctest */;
			productType = "com.apple.product-type.bundle.unit-test";
		};
		F46799202B16B043005644BF /* UpstreamProjectUITests */ = {
			isa = PBXNativeTarget;
			buildConfigurationList = F46799312B16B043005644BF /* Build configuration list for PBXNativeTarget "UpstreamProjectUITests" */;
			buildPhases = (
				F467991D2B16B043005644BF /* Sources */,
				F467991E2B16B043005644BF /* Frameworks */,
				F467991F2B16B043005644BF /* Resources */,
			);
			buildRules = (
			);
			dependencies = (
				F46799232B16B043005644BF /* PBXTargetDependency */,
			);
			name = UpstreamProjectUITests;
			productName = UpstreamProjectUITests;
			productReference = F46799212B16B043005644BF /* UpstreamProjectUITests.xctest */;
			productType = "com.apple.product-type.bundle.ui-testing";
		};
/* End PBXNativeTarget section */

/* Begin PBXProject section */
		F46798F92B16B042005644BF /* Project object */ = {
			isa = PBXProject;
			attributes = {
				BuildIndependentTargetsInParallel = 1;
				LastSwiftUpdateCheck = 1500;
				LastUpgradeCheck = 1500;
				TargetAttributes = {
					F46799002B16B042005644BF = {
						CreatedOnToolsVersion = 15.0.1;
					};
					F46799162B16B043005644BF = {
						CreatedOnToolsVersion = 15.0.1;
						TestTargetID = F46799002B16B042005644BF;
					};
					F46799202B16B043005644BF = {
						CreatedOnToolsVersion = 15.0.1;
						TestTargetID = F46799002B16B042005644BF;
					};
				};
			};
			buildConfigurationList = F46798FC2B16B042005644BF /* Build configuration list for PBXProject "UpstreamProject" */;
			compatibilityVersion = "Xcode 14.0";
			developmentRegion = en;
			hasScannedForEncodings = 0;
			knownRegions = (
				en,
				Base,
			);
			mainGroup = F46798F82B16B042005644BF;
			productRefGroup = F46799022B16B042005644BF /* Products */;
			projectDirPath = "";
			projectRoot = "";
			targets = (
				F46799002B16B042005644BF /* UpstreamProject */,
				F46799162B16B043005644BF /* UpstreamProjectTests */,
				F46799202B16B043005644BF /* UpstreamProjectUITests */,
			);
		};
/* End PBXProject section */

/* Begin PBXResourcesBuildPhase section */
		F46798FF2B16B042005644BF /* Resources */ = {
			isa = PBXResourcesBuildPhase;
			buildActionMask = 2147483647;
			files = (
				F46799112B16B043005644BF /* LaunchScreen.storyboard in Resources */,
				F467990E2B16B043005644BF /* Assets.xcassets in Resources */,
				F467990C2B16B042005644BF /* Main.storyboard in Resources */,
			);
			runOnlyForDeploymentPostprocessing = 0;
		};
		F46799152B16B043005644BF /* Resources */ = {
			isa = PBXResourcesBuildPhase;
			buildActionMask = 2147483647;
			files = (
			);
			runOnlyForDeploymentPostprocessing = 0;
		};
		F467991F2B16B043005644BF /* Resources */ = {
			isa = PBXResourcesBuildPhase;
			buildActionMask = 2147483647;
			files = (
			);
			runOnlyForDeploymentPostprocessing = 0;
		};
/* End PBXResourcesBuildPhase section */

/* Begin PBXSourcesBuildPhase section */
		F46798FD2B16B042005644BF /* Sources */ = {
			isa = PBXSourcesBuildPhase;
			buildActionMask = 2147483647;
			files = (
				F467994E2B196C1A005644BF /* VideoClient.swift in Sources */,
				F467993F2B16C198005644BF /* H264Encoder.swift in Sources */,
				F46799392B16BF0E005644BF /* StartStreamingViewController.swift in Sources */,
				F46799482B16C80A005644BF /* StreamingViewController.swift in Sources */,
				F46799092B16B042005644BF /* ViewController.swift in Sources */,
				F46799052B16B042005644BF /* AppDelegate.swift in Sources */,
				F467994C2B16D794005644BF /* ServerInteracter.swift in Sources */,
				F467994A2B16D3EF005644BF /* TCPConnection.swift in Sources */,
				F467993D2B16C176005644BF /* VideoCatpureManager.swift in Sources */,
				F46799072B16B042005644BF /* SceneDelegate.swift in Sources */,
			);
			runOnlyForDeploymentPostprocessing = 0;
		};
		F46799132B16B043005644BF /* Sources */ = {
			isa = PBXSourcesBuildPhase;
			buildActionMask = 2147483647;
			files = (
				F467991C2B16B043005644BF /* UpstreamProjectTests.swift in Sources */,
			);
			runOnlyForDeploymentPostprocessing = 0;
		};
		F467991D2B16B043005644BF /* Sources */ = {
			isa = PBXSourcesBuildPhase;
			buildActionMask = 2147483647;
			files = (
				F46799262B16B043005644BF /* UpstreamProjectUITests.swift in Sources */,
				F46799282B16B043005644BF /* UpstreamProjectUITestsLaunchTests.swift in Sources */,
			);
			runOnlyForDeploymentPostprocessing = 0;
		};
/* End PBXSourcesBuildPhase section */

/* Begin PBXTargetDependency section */
		F46799192B16B043005644BF /* PBXTargetDependency */ = {
			isa = PBXTargetDependency;
			target = F46799002B16B042005644BF /* UpstreamProject */;
			targetProxy = F46799182B16B043005644BF /* PBXContainerItemProxy */;
		};
		F46799232B16B043005644BF /* PBXTargetDependency */ = {
			isa = PBXTargetDependency;
			target = F46799002B16B042005644BF /* UpstreamProject */;
			targetProxy = F46799222B16B043005644BF /* PBXContainerItemProxy */;
		};
/* End PBXTargetDependency section */

/* Begin PBXVariantGroup section */
		F467990A2B16B042005644BF /* Main.storyboard */ = {
			isa = PBXVariantGroup;
			children = (
				F467990B2B16B042005644BF /* Base */,
			);
			name = Main.storyboard;
			sourceTree = "<group>";
		};
		F467990F2B16B043005644BF /* LaunchScreen.storyboard */ = {
			isa = PBXVariantGroup;
			children = (
				F46799102B16B043005644BF /* Base */,
			);
			name = LaunchScreen.storyboard;
			sourceTree = "<group>";
		};
/* End PBXVariantGroup section */

/* Begin XCBuildConfiguration section */
		F46799292B16B043005644BF /* Debug */ = {
			isa = XCBuildConfiguration;
			buildSettings = {
				ALWAYS_SEARCH_USER_PATHS = NO;
				ASSETCATALOG_COMPILER_GENERATE_SWIFT_ASSET_SYMBOL_EXTENSIONS = YES;
				CLANG_ANALYZER_NONNULL = YES;
				CLANG_ANALYZER_NUMBER_OBJECT_CONVERSION = YES_AGGRESSIVE;
				CLANG_CXX_LANGUAGE_STANDARD = "gnu++20";
				CLANG_ENABLE_MODULES = YES;
				CLANG_ENABLE_OBJC_ARC = YES;
				CLANG_ENABLE_OBJC_WEAK = YES;
				CLANG_WARN_BLOCK_CAPTURE_AUTORELEASING = YES;
				CLANG_WARN_BOOL_CONVERSION = YES;
				CLANG_WARN_COMMA = YES;
				CLANG_WARN_CONSTANT_CONVERSION = YES;
				CLANG_WARN_DEPRECATED_OBJC_IMPLEMENTATIONS = YES;
				CLANG_WARN_DIRECT_OBJC_ISA_USAGE = YES_ERROR;
				CLANG_WARN_DOCUMENTATION_COMMENTS = YES;
				CLANG_WARN_EMPTY_BODY = YES;
				CLANG_WARN_ENUM_CONVERSION = YES;
				CLANG_WARN_INFINITE_RECURSION = YES;
				CLANG_WARN_INT_CONVERSION = YES;
				CLANG_WARN_NON_LITERAL_NULL_CONVERSION = YES;
				CLANG_WARN_OBJC_IMPLICIT_RETAIN_SELF = YES;
				CLANG_WARN_OBJC_LITERAL_CONVERSION = YES;
				CLANG_WARN_OBJC_ROOT_CLASS = YES_ERROR;
				CLANG_WARN_QUOTED_INCLUDE_IN_FRAMEWORK_HEADER = YES;
				CLANG_WARN_RANGE_LOOP_ANALYSIS = YES;
				CLANG_WARN_STRICT_PROTOTYPES = YES;
				CLANG_WARN_SUSPICIOUS_MOVE = YES;
				CLANG_WARN_UNGUARDED_AVAILABILITY = YES_AGGRESSIVE;
				CLANG_WARN_UNREACHABLE_CODE = YES;
				CLANG_WARN__DUPLICATE_METHOD_MATCH = YES;
				COPY_PHASE_STRIP = NO;
				DEBUG_INFORMATION_FORMAT = dwarf;
				ENABLE_STRICT_OBJC_MSGSEND = YES;
				ENABLE_TESTABILITY = YES;
				ENABLE_USER_SCRIPT_SANDBOXING = YES;
				GCC_C_LANGUAGE_STANDARD = gnu17;
				GCC_DYNAMIC_NO_PIC = NO;
				GCC_NO_COMMON_BLOCKS = YES;
				GCC_OPTIMIZATION_LEVEL = 0;
				GCC_PREPROCESSOR_DEFINITIONS = (
					"DEBUG=1",
					"$(inherited)",
				);
				GCC_WARN_64_TO_32_BIT_CONVERSION = YES;
				GCC_WARN_ABOUT_RETURN_TYPE = YES_ERROR;
				GCC_WARN_UNDECLARED_SELECTOR = YES;
				GCC_WARN_UNINITIALIZED_AUTOS = YES_AGGRESSIVE;
				GCC_WARN_UNUSED_FUNCTION = YES;
				GCC_WARN_UNUSED_VARIABLE = YES;
				IPHONEOS_DEPLOYMENT_TARGET = 17.0;
				LOCALIZATION_PREFERS_STRING_CATALOGS = YES;
				MTL_ENABLE_DEBUG_INFO = INCLUDE_SOURCE;
				MTL_FAST_MATH = YES;
				ONLY_ACTIVE_ARCH = YES;
				SDKROOT = iphoneos;
				SWIFT_ACTIVE_COMPILATION_CONDITIONS = "DEBUG $(inherited)";
				SWIFT_OPTIMIZATION_LEVEL = "-Onone";
			};
			name = Debug;
		};
		F467992A2B16B043005644BF /* Release */ = {
			isa = XCBuildConfiguration;
			buildSettings = {
				ALWAYS_SEARCH_USER_PATHS = NO;
				ASSETCATALOG_COMPILER_GENERATE_SWIFT_ASSET_SYMBOL_EXTENSIONS = YES;
				CLANG_ANALYZER_NONNULL = YES;
				CLANG_ANALYZER_NUMBER_OBJECT_CONVERSION = YES_AGGRESSIVE;
				CLANG_CXX_LANGUAGE_STANDARD = "gnu++20";
				CLANG_ENABLE_MODULES = YES;
				CLANG_ENABLE_OBJC_ARC = YES;
				CLANG_ENABLE_OBJC_WEAK = YES;
				CLANG_WARN_BLOCK_CAPTURE_AUTORELEASING = YES;
				CLANG_WARN_BOOL_CONVERSION = YES;
				CLANG_WARN_COMMA = YES;
				CLANG_WARN_CONSTANT_CONVERSION = YES;
				CLANG_WARN_DEPRECATED_OBJC_IMPLEMENTATIONS = YES;
				CLANG_WARN_DIRECT_OBJC_ISA_USAGE = YES_ERROR;
				CLANG_WARN_DOCUMENTATION_COMMENTS = YES;
				CLANG_WARN_EMPTY_BODY = YES;
				CLANG_WARN_ENUM_CONVERSION = YES;
				CLANG_WARN_INFINITE_RECURSION = YES;
				CLANG_WARN_INT_CONVERSION = YES;
				CLANG_WARN_NON_LITERAL_NULL_CONVERSION = YES;
				CLANG_WARN_OBJC_IMPLICIT_RETAIN_SELF = YES;
				CLANG_WARN_OBJC_LITERAL_CONVERSION = YES;
				CLANG_WARN_OBJC_ROOT_CLASS = YES_ERROR;
				CLANG_WARN_QUOTED_INCLUDE_IN_FRAMEWORK_HEADER = YES;
				CLANG_WARN_RANGE_LOOP_ANALYSIS = YES;
				CLANG_WARN_STRICT_PROTOTYPES = YES;
				CLANG_WARN_SUSPICIOUS_MOVE = YES;
				CLANG_WARN_UNGUARDED_AVAILABILITY = YES_AGGRESSIVE;
				CLANG_WARN_UNREACHABLE_CODE = YES;
				CLANG_WARN__DUPLICATE_METHOD_MATCH = YES;
				COPY_PHASE_STRIP = NO;
				DEBUG_INFORMATION_FORMAT = "dwarf-with-dsym";
				ENABLE_NS_ASSERTIONS = NO;
				ENABLE_STRICT_OBJC_MSGSEND = YES;
				ENABLE_USER_SCRIPT_SANDBOXING = YES;
				GCC_C_LANGUAGE_STANDARD = gnu17;
				GCC_NO_COMMON_BLOCKS = YES;
				GCC_WARN_64_TO_32_BIT_CONVERSION = YES;
				GCC_WARN_ABOUT_RETURN_TYPE = YES_ERROR;
				GCC_WARN_UNDECLARED_SELECTOR = YES;
				GCC_WARN_UNINITIALIZED_AUTOS = YES_AGGRESSIVE;
				GCC_WARN_UNUSED_FUNCTION = YES;
				GCC_WARN_UNUSED_VARIABLE = YES;
				IPHONEOS_DEPLOYMENT_TARGET = 17.0;
				LOCALIZATION_PREFERS_STRING_CATALOGS = YES;
				MTL_ENABLE_DEBUG_INFO = NO;
				MTL_FAST_MATH = YES;
				SDKROOT = iphoneos;
				SWIFT_COMPILATION_MODE = wholemodule;
				VALIDATE_PRODUCT = YES;
			};
			name = Release;
		};
		F467992C2B16B043005644BF /* Debug */ = {
			isa = XCBuildConfiguration;
			buildSettings = {
				ASSETCATALOG_COMPILER_APPICON_NAME = AppIcon;
				ASSETCATALOG_COMPILER_GLOBAL_ACCENT_COLOR_NAME = AccentColor;
				CODE_SIGN_STYLE = Automatic;
				CURRENT_PROJECT_VERSION = 1;
				DEVELOPMENT_TEAM = 47GSR6AJ68;
				GENERATE_INFOPLIST_FILE = YES;
				INFOPLIST_FILE = UpstreamProject/Info.plist;
				INFOPLIST_KEY_UIApplicationSupportsIndirectInputEvents = YES;
				INFOPLIST_KEY_UILaunchStoryboardName = LaunchScreen;
				INFOPLIST_KEY_UIMainStoryboardFile = Main;
				INFOPLIST_KEY_UISupportedInterfaceOrientations_iPad = "UIInterfaceOrientationPortrait UIInterfaceOrientationPortraitUpsideDown UIInterfaceOrientationLandscapeLeft UIInterfaceOrientationLandscapeRight";
				INFOPLIST_KEY_UISupportedInterfaceOrientations_iPhone = "UIInterfaceOrientationPortrait UIInterfaceOrientationLandscapeLeft UIInterfaceOrientationLandscapeRight";
				LD_RUNPATH_SEARCH_PATHS = (
					"$(inherited)",
					"@executable_path/Frameworks",
				);
				MARKETING_VERSION = 1.0;
				PRODUCT_BUNDLE_IDENTIFIER = PurdueCS536.UpstreamProject;
				PRODUCT_NAME = "$(TARGET_NAME)";
				SWIFT_EMIT_LOC_STRINGS = YES;
				SWIFT_VERSION = 5.0;
				TARGETED_DEVICE_FAMILY = "1,2";
			};
			name = Debug;
		};
		F467992D2B16B043005644BF /* Release */ = {
			isa = XCBuildConfiguration;
			buildSettings = {
				ASSETCATALOG_COMPILER_APPICON_NAME = AppIcon;
				ASSETCATALOG_COMPILER_GLOBAL_ACCENT_COLOR_NAME = AccentColor;
				CODE_SIGN_STYLE = Automatic;
				CURRENT_PROJECT_VERSION = 1;
				DEVELOPMENT_TEAM = 47GSR6AJ68;
				GENERATE_INFOPLIST_FILE = YES;
				INFOPLIST_FILE = UpstreamProject/Info.plist;
				INFOPLIST_KEY_UIApplicationSupportsIndirectInputEvents = YES;
				INFOPLIST_KEY_UILaunchStoryboardName = LaunchScreen;
				INFOPLIST_KEY_UIMainStoryboardFile = Main;
				INFOPLIST_KEY_UISupportedInterfaceOrientations_iPad = "UIInterfaceOrientationPortrait UIInterfaceOrientationPortraitUpsideDown UIInterfaceOrientationLandscapeLeft UIInterfaceOrientationLandscapeRight";
				INFOPLIST_KEY_UISupportedInterfaceOrientations_iPhone = "UIInterfaceOrientationPortrait UIInterfaceOrientationLandscapeLeft UIInterfaceOrientationLandscapeRight";
				LD_RUNPATH_SEARCH_PATHS = (
					"$(inherited)",
					"@executable_path/Frameworks",
				);
				MARKETING_VERSION = 1.0;
				PRODUCT_BUNDLE_IDENTIFIER = PurdueCS536.UpstreamProject;
				PRODUCT_NAME = "$(TARGET_NAME)";
				SWIFT_EMIT_LOC_STRINGS = YES;
				SWIFT_VERSION = 5.0;
				TARGETED_DEVICE_FAMILY = "1,2";
			};
			name = Release;
		};
		F467992F2B16B043005644BF /* Debug */ = {
			isa = XCBuildConfiguration;
			buildSettings = {
				ALWAYS_EMBED_SWIFT_STANDARD_LIBRARIES = YES;
				BUNDLE_LOADER = "$(TEST_HOST)";
				CODE_SIGN_STYLE = Automatic;
				CURRENT_PROJECT_VERSION = 1;
				DEVELOPMENT_TEAM = 47GSR6AJ68;
				GENERATE_INFOPLIST_FILE = YES;
				IPHONEOS_DEPLOYMENT_TARGET = 17.0;
				MARKETING_VERSION = 1.0;
				PRODUCT_BUNDLE_IDENTIFIER = PurdueCS536.UpstreamProjectTests;
				PRODUCT_NAME = "$(TARGET_NAME)";
				SWIFT_EMIT_LOC_STRINGS = NO;
				SWIFT_VERSION = 5.0;
				TARGETED_DEVICE_FAMILY = "1,2";
				TEST_HOST = "$(BUILT_PRODUCTS_DIR)/UpstreamProject.app/$(BUNDLE_EXECUTABLE_FOLDER_PATH)/UpstreamProject";
			};
			name = Debug;
		};
		F46799302B16B043005644BF /* Release */ = {
			isa = XCBuildConfiguration;
			buildSettings = {
				ALWAYS_EMBED_SWIFT_STANDARD_LIBRARIES = YES;
				BUNDLE_LOADER = "$(TEST_HOST)";
				CODE_SIGN_STYLE = Automatic;
				CURRENT_PROJECT_VERSION = 1;
				DEVELOPMENT_TEAM = 47GSR6AJ68;
				GENERATE_INFOPLIST_FILE = YES;
				IPHONEOS_DEPLOYMENT_TARGET = 17.0;
				MARKETING_VERSION = 1.0;
				PRODUCT_BUNDLE_IDENTIFIER = PurdueCS536.UpstreamProjectTests;
				PRODUCT_NAME = "$(TARGET_NAME)";
				SWIFT_EMIT_LOC_STRINGS = NO;
				SWIFT_VERSION = 5.0;
				TARGETED_DEVICE_FAMILY = "1,2";
				TEST_HOST = "$(BUILT_PRODUCTS_DIR)/UpstreamProject.app/$(BUNDLE_EXECUTABLE_FOLDER_PATH)/UpstreamProject";
			};
			name = Release;
		};
		F46799322B16B043005644BF /* Debug */ = {
			isa = XCBuildConfiguration;
			buildSettings = {
				ALWAYS_EMBED_SWIFT_STANDARD_LIBRARIES = YES;
				CODE_SIGN_STYLE = Automatic;
				CURRENT_PROJECT_VERSION = 1;
				DEVELOPMENT_TEAM = 47GSR6AJ68;
				GENERATE_INFOPLIST_FILE = YES;
				MARKETING_VERSION = 1.0;
				PRODUCT_BUNDLE_IDENTIFIER = PurdueCS536.UpstreamProjectUITests;
				PRODUCT_NAME = "$(TARGET_NAME)";
				SWIFT_EMIT_LOC_STRINGS = NO;
				SWIFT_VERSION = 5.0;
				TARGETED_DEVICE_FAMILY = "1,2";
				TEST_TARGET_NAME = UpstreamProject;
			};
			name = Debug;
		};
		F46799332B16B043005644BF /* Release */ = {
			isa = XCBuildConfiguration;
			buildSettings = {
				ALWAYS_EMBED_SWIFT_STANDARD_LIBRARIES = YES;
				CODE_SIGN_STYLE = Automatic;
				CURRENT_PROJECT_VERSION = 1;
				DEVELOPMENT_TEAM = 47GSR6AJ68;
				GENERATE_INFOPLIST_FILE = YES;
				MARKETING_VERSION = 1.0;
				PRODUCT_BUNDLE_IDENTIFIER = PurdueCS536.UpstreamProjectUITests;
				PRODUCT_NAME = "$(TARGET_NAME)";
				SWIFT_EMIT_LOC_STRINGS = NO;
				SWIFT_VERSION = 5.0;
				TARGETED_DEVICE_FAMILY = "1,2";
				TEST_TARGET_NAME = UpstreamProject;
			};
			name = Release;
		};
/* End XCBuildConfiguration section */

/* Begin XCConfigurationList section */
		F46798FC2B16B042005644BF /* Build configuration list for PBXProject "UpstreamProject" */ = {
			isa = XCConfigurationList;
			buildConfigurations = (
				F46799292B16B043005644BF /* Debug */,
				F467992A2B16B043005644BF /* Release */,
			);
			defaultConfigurationIsVisible = 0;
			defaultConfigurationName = Release;
		};
		F467992B2B16B043005644BF /* Build configuration list for PBXNativeTarget "UpstreamProject" */ = {
			isa = XCConfigurationList;
			buildConfigurations = (
				F467992C2B16B043005644BF /* Debug */,
				F467992D2B16B043005644BF /* Release */,
			);
			defaultConfigurationIsVisible = 0;
			defaultConfigurationName = Release;
		};
		F467992E2B16B043005644BF /* Build configuration list for PBXNativeTarget "UpstreamProjectTests" */ = {
			isa = XCConfigurationList;
			buildConfigurations = (
				F467992F2B16B043005644BF /* Debug */,
				F46799302B16B043005644BF /* Release */,
			);
			defaultConfigurationIsVisible = 0;
			defaultConfigurationName = Release;
		};
		F46799312B16B043005644BF /* Build configuration list for PBXNativeTarget "UpstreamProjectUITests" */ = {
			isa = XCConfigurationList;
			buildConfigurations = (
				F46799322B16B043005644BF /* Debug */,
				F46799332B16B043005644BF /* Release */,
			);
			defaultConfigurationIsVisible = 0;
			defaultConfigurationName = Release;
		};
/* End XCConfigurationList section */
	};
	rootObject = F46798F92B16B042005644BF /* Project object */;
}
